
Microsoft Visual Studio Solution File, Format Version 12.00
# Visual Studio 15
VisualStudioVersion = 15.0.28010.2048
MinimumVisualStudioVersion = 10.0.40219.1
Project("{8BC9CEB8-8B4A-11D0-8D11-00A0C91BC942}") = "Animation", "Dark Basic Public Shared\Dark Basic Pro SDK\DarkSDK\Animation\Animation.vcxproj", "{7BBD98EB-0DFE-4602-AA0B-0F657CE494E8}"
EndProject
Project("{8BC9CEB8-8B4A-11D0-8D11-00A0C91BC942}") = "Basic2D", "Dark Basic Public Shared\Dark Basic Pro SDK\DarkSDK\Basic2D\Basic2D.vcxproj", "{6F7FC773-D0E4-4FC4-BB3F-2FF5DC3EA495}"
EndProject
Project("{8BC9CEB8-8B4A-11D0-8D11-00A0C91BC942}") = "Bitmap", "Dark Basic Public Shared\Dark Basic Pro SDK\DarkSDK\Bitmap\Bitmap.vcxproj", "{D7763803-1667-4016-ACA2-F595DD7581ED}"
EndProject
Project("{8BC9CEB8-8B4A-11D0-8D11-00A0C91BC942}") = "Camera", "Dark Basic Public Shared\Dark Basic Pro SDK\DarkSDK\Camera\Camera.vcxproj", "{1311DBF5-D188-4034-B25D-AE7A36878C01}"
EndProject
Project("{8BC9CEB8-8B4A-11D0-8D11-00A0C91BC942}") = "ConvX", "Dark Basic Public Shared\Dark Basic Pro SDK\DarkSDK\ConvX\ConvX.vcxproj", "{06E6A302-6658-4E0E-A894-577D5BD556D7}"
EndProject
Project("{8BC9CEB8-8B4A-11D0-8D11-00A0C91BC942}") = "DBDLLCore", "Dark Basic Public Shared\Dark Basic Pro SDK\DarkSDK\Core\DBDLLCore.vcxproj", "{B81553CC-39BB-4542-A379-F49D2F3A73A3}"
EndProject
Project("{8BC9CEB8-8B4A-11D0-8D11-00A0C91BC942}") = "File", "Dark Basic Public Shared\Dark Basic Pro SDK\DarkSDK\File\File.vcxproj", "{19D06E7C-892B-4461-87C6-166634AB6513}"
EndProject
Project("{8BC9CEB8-8B4A-11D0-8D11-00A0C91BC942}") = "FTP", "Dark Basic Public Shared\Dark Basic Pro SDK\DarkSDK\FTP\FTP.vcxproj", "{C0A62805-4411-4176-A24A-91CE14219778}"
EndProject
Project("{8BC9CEB8-8B4A-11D0-8D11-00A0C91BC942}") = "Image", "Dark Basic Public Shared\Dark Basic Pro SDK\DarkSDK\Image\Image.vcxproj", "{8BA32D12-D5B1-412B-967A-C329376CBEC6}"
EndProject
Project("{8BC9CEB8-8B4A-11D0-8D11-00A0C91BC942}") = "Input", "Dark Basic Public Shared\Dark Basic Pro SDK\DarkSDK\Input\Input.vcxproj", "{3B7BC9B2-3FDB-4129-A700-59F05B480293}"
EndProject
Project("{8BC9CEB8-8B4A-11D0-8D11-00A0C91BC942}") = "Light", "Dark Basic Public Shared\Dark Basic Pro SDK\DarkSDK\Light\Light.vcxproj", "{8563B5F0-10AC-494E-B27B-0A7AFD0BD0E1}"
EndProject
Project("{8BC9CEB8-8B4A-11D0-8D11-00A0C91BC942}") = "Memblocks", "Dark Basic Public Shared\Dark Basic Pro SDK\DarkSDK\Memblocks\Memblocks.vcxproj", "{FDB42674-ABA0-41AC-9552-C5B6A6DECDDB}"
EndProject
Project("{8BC9CEB8-8B4A-11D0-8D11-00A0C91BC942}") = "Objects", "Dark Basic Public Shared\Dark Basic Pro SDK\DarkSDK\Objects\Objects.vcxproj", "{5EC29E1C-8C20-4C9C-9C2D-71493CE16D73}"
EndProject
Project("{8BC9CEB8-8B4A-11D0-8D11-00A0C91BC942}") = "Setup", "Dark Basic Public Shared\Dark Basic Pro SDK\DarkSDK\Setup\Setup.vcxproj", "{C22CB11E-0592-4DDD-B8D8-296FCA25F07C}"
EndProject
Project("{8BC9CEB8-8B4A-11D0-8D11-00A0C91BC942}") = "Sound", "Dark Basic Public Shared\Dark Basic Pro SDK\DarkSDK\Sound\Sound.vcxproj", "{3FD0AB41-23EC-492A-8161-95A253684D05}"
EndProject
Project("{8BC9CEB8-8B4A-11D0-8D11-00A0C91BC942}") = "Sprites", "Dark Basic Public Shared\Dark Basic Pro SDK\DarkSDK\Sprites\Sprites.vcxproj", "{368D8DDB-C349-4FF1-A848-1D14C0944500}"
EndProject
Project("{8BC9CEB8-8B4A-11D0-8D11-00A0C91BC942}") = "System", "Dark Basic Public Shared\Dark Basic Pro SDK\DarkSDK\System\System.vcxproj", "{35D0D628-907B-4378-95E1-EEF2B5E891BF}"
EndProject
Project("{8BC9CEB8-8B4A-11D0-8D11-00A0C91BC942}") = "Text", "Dark Basic Public Shared\Dark Basic Pro SDK\DarkSDK\Text\Text.vcxproj", "{73383739-8763-47B9-8A3F-6727B491191D}"
EndProject
Project("{8BC9CEB8-8B4A-11D0-8D11-00A0C91BC942}") = "Vectors", "Dark Basic Public Shared\Dark Basic Pro SDK\DarkSDK\Vectors\Vectors.vcxproj", "{E72F0AB4-B8E1-4424-96DC-4C23F167FCA6}"
EndProject
Project("{8BC9CEB8-8B4A-11D0-8D11-00A0C91BC942}") = "Bullet", "Dark Basic Public Shared\Dark Basic Pro SDK\DarkSDK\Bullet\Bullet.vcxproj", "{4A04C2F5-7052-47E2-AC88-2BA8AE2DD9F3}"
EndProject
Project("{8BC9CEB8-8B4A-11D0-8D11-00A0C91BC942}") = "Guru-MapEditor", "Guru-MapEditor\DarkEXE.vcxproj", "{18217E4D-F8C2-44C6-9A36-31196E758A0C}"
	ProjectSection(ProjectDependencies) = postProject
		{06E6A302-6658-4E0E-A894-577D5BD556D7} = {06E6A302-6658-4E0E-A894-577D5BD556D7}
		{D7763803-1667-4016-ACA2-F595DD7581ED} = {D7763803-1667-4016-ACA2-F595DD7581ED}
		{C0A62805-4411-4176-A24A-91CE14219778} = {C0A62805-4411-4176-A24A-91CE14219778}
		{8BA32D12-D5B1-412B-967A-C329376CBEC6} = {8BA32D12-D5B1-412B-967A-C329376CBEC6}
		{5EC29E1C-8C20-4C9C-9C2D-71493CE16D73} = {5EC29E1C-8C20-4C9C-9C2D-71493CE16D73}
		{C22CB11E-0592-4DDD-B8D8-296FCA25F07C} = {C22CB11E-0592-4DDD-B8D8-296FCA25F07C}
		{35D0D628-907B-4378-95E1-EEF2B5E891BF} = {35D0D628-907B-4378-95E1-EEF2B5E891BF}
		{73383739-8763-47B9-8A3F-6727B491191D} = {73383739-8763-47B9-8A3F-6727B491191D}
		{3FD0AB41-23EC-492A-8161-95A253684D05} = {3FD0AB41-23EC-492A-8161-95A253684D05}
		{DC3D254B-0B9C-4272-B2DC-D0B06835D3A0} = {DC3D254B-0B9C-4272-B2DC-D0B06835D3A0}
		{6F7FC773-D0E4-4FC4-BB3F-2FF5DC3EA495} = {6F7FC773-D0E4-4FC4-BB3F-2FF5DC3EA495}
		{FDB42674-ABA0-41AC-9552-C5B6A6DECDDB} = {FDB42674-ABA0-41AC-9552-C5B6A6DECDDB}
		{E6C0DB75-910C-4085-B029-33D8503487A7} = {E6C0DB75-910C-4085-B029-33D8503487A7}
		{19D06E7C-892B-4461-87C6-166634AB6513} = {19D06E7C-892B-4461-87C6-166634AB6513}
		{C9E8428F-34C1-4FF9-B8F4-7FFC87A68EA4} = {C9E8428F-34C1-4FF9-B8F4-7FFC87A68EA4}
		{0CEC8E92-9523-4E59-A9AD-E9CB4DF8D6E9} = {0CEC8E92-9523-4E59-A9AD-E9CB4DF8D6E9}
		{4A27C896-E37C-4317-87B4-6229F5F38DC2} = {4A27C896-E37C-4317-87B4-6229F5F38DC2}
		{8C00A1AC-3F37-494E-A463-E48F82075792} = {8C00A1AC-3F37-494E-A463-E48F82075792}
		{3B7BC9B2-3FDB-4129-A700-59F05B480293} = {3B7BC9B2-3FDB-4129-A700-59F05B480293}
		{E72F0AB4-B8E1-4424-96DC-4C23F167FCA6} = {E72F0AB4-B8E1-4424-96DC-4C23F167FCA6}
		{B81553CC-39BB-4542-A379-F49D2F3A73A3} = {B81553CC-39BB-4542-A379-F49D2F3A73A3}
		{368D8DDB-C349-4FF1-A848-1D14C0944500} = {368D8DDB-C349-4FF1-A848-1D14C0944500}
		{205846E1-5ECC-4E71-81CB-3CB34045ADA2} = {205846E1-5ECC-4E71-81CB-3CB34045ADA2}
		{799101E2-52F4-41AF-A47D-307D1FD8C9C8} = {799101E2-52F4-41AF-A47D-307D1FD8C9C8}
		{526FC1E7-C827-4701-8810-6DAEA738E0C4} = {526FC1E7-C827-4701-8810-6DAEA738E0C4}
		{7BBD98EB-0DFE-4602-AA0B-0F657CE494E8} = {7BBD98EB-0DFE-4602-AA0B-0F657CE494E8}
		{8563B5F0-10AC-494E-B27B-0A7AFD0BD0E1} = {8563B5F0-10AC-494E-B27B-0A7AFD0BD0E1}
		{4A04C2F5-7052-47E2-AC88-2BA8AE2DD9F3} = {4A04C2F5-7052-47E2-AC88-2BA8AE2DD9F3}
		{1311DBF5-D188-4034-B25D-AE7A36878C01} = {1311DBF5-D188-4034-B25D-AE7A36878C01}
		{F61CE0F5-56E7-411A-900A-2FD07BECF3C4} = {F61CE0F5-56E7-411A-900A-2FD07BECF3C4}
		{C5451FF8-7264-4300-9F2D-325FE8301E51} = {C5451FF8-7264-4300-9F2D-325FE8301E51}
	EndProjectSection
EndProject
Project("{8BC9CEB8-8B4A-11D0-8D11-00A0C91BC942}") = "SteamMultiplayer", "Dark Basic Public Shared\Dark Basic Pro SDK\DarkSDKMore\SteamMultiplayer\SteamMultiplayer.vcxproj", "{F61CE0F5-56E7-411A-900A-2FD07BECF3C4}"
EndProject
Project("{8BC9CEB8-8B4A-11D0-8D11-00A0C91BC942}") = "BlitzTerrain", "Dark Basic Public Shared\Dark Basic Pro SDK\DarkSDKMore\BlitzTerrain\BlitzTerrain.vcxproj", "{DC3D254B-0B9C-4272-B2DC-D0B06835D3A0}"
EndProject
Project("{8BC9CEB8-8B4A-11D0-8D11-00A0C91BC942}") = "BlitzTerrain_RTTMSPlugin", "Dark Basic Public Shared\Dark Basic Pro SDK\DarkSDKMore\BlitzTerrain_RTTMSPlugin\BlitzTerrain_RTTMSPlugin.vcxproj", "{205846E1-5ECC-4E71-81CB-3CB34045ADA2}"
EndProject
Project("{8BC9CEB8-8B4A-11D0-8D11-00A0C91BC942}") = "CPU3D", "Dark Basic Public Shared\Dark Basic Pro SDK\DarkSDKMore\CPU3D\CPU3DTest.vcxproj", "{526FC1E7-C827-4701-8810-6DAEA738E0C4}"
EndProject
Project("{8BC9CEB8-8B4A-11D0-8D11-00A0C91BC942}") = "DarkAI", "Dark Basic Public Shared\Dark Basic Pro SDK\DarkSDKMore\DarkAI\DarkMind.vcxproj", "{4A27C896-E37C-4317-87B4-6229F5F38DC2}"
EndProject
Project("{8BC9CEB8-8B4A-11D0-8D11-00A0C91BC942}") = "LightMapper", "Dark Basic Public Shared\Dark Basic Pro SDK\DarkSDKMore\DarkLIGHTS\LightMapper.vcxproj", "{E6C0DB75-910C-4085-B029-33D8503487A7}"
EndProject
Project("{8BC9CEB8-8B4A-11D0-8D11-00A0C91BC942}") = "DarkLUA", "Dark Basic Public Shared\Dark Basic Pro SDK\DarkSDKMore\DarkLUA\DarkLUA.vcxproj", "{C5451FF8-7264-4300-9F2D-325FE8301E51}"
EndProject
Project("{8BC9CEB8-8B4A-11D0-8D11-00A0C91BC942}") = "Enhancements", "Dark Basic Public Shared\Dark Basic Pro SDK\DarkSDKMore\Enhancements\Main.vcxproj", "{0CEC8E92-9523-4E59-A9AD-E9CB4DF8D6E9}"
EndProject
Project("{8BC9CEB8-8B4A-11D0-8D11-00A0C91BC942}") = "InfiniteVegetation", "Dark Basic Public Shared\Dark Basic Pro SDK\DarkSDKMore\SimonReloaded\SimonReloaded.vcxproj", "{8C00A1AC-3F37-494E-A463-E48F82075792}"
EndProject
Project("{8BC9CEB8-8B4A-11D0-8D11-00A0C91BC942}") = "Guru-Lightmapper", "Guru-Lightmapper\Guru-Lightmapper.vcxproj", "{759C0609-B350-4FC4-8925-E9443484C2A9}"
	ProjectSection(ProjectDependencies) = postProject
		{06E6A302-6658-4E0E-A894-577D5BD556D7} = {06E6A302-6658-4E0E-A894-577D5BD556D7}
		{D7763803-1667-4016-ACA2-F595DD7581ED} = {D7763803-1667-4016-ACA2-F595DD7581ED}
		{C0A62805-4411-4176-A24A-91CE14219778} = {C0A62805-4411-4176-A24A-91CE14219778}
		{8BA32D12-D5B1-412B-967A-C329376CBEC6} = {8BA32D12-D5B1-412B-967A-C329376CBEC6}
		{5EC29E1C-8C20-4C9C-9C2D-71493CE16D73} = {5EC29E1C-8C20-4C9C-9C2D-71493CE16D73}
		{C22CB11E-0592-4DDD-B8D8-296FCA25F07C} = {C22CB11E-0592-4DDD-B8D8-296FCA25F07C}
		{35D0D628-907B-4378-95E1-EEF2B5E891BF} = {35D0D628-907B-4378-95E1-EEF2B5E891BF}
		{73383739-8763-47B9-8A3F-6727B491191D} = {73383739-8763-47B9-8A3F-6727B491191D}
		{3FD0AB41-23EC-492A-8161-95A253684D05} = {3FD0AB41-23EC-492A-8161-95A253684D05}
		{DC3D254B-0B9C-4272-B2DC-D0B06835D3A0} = {DC3D254B-0B9C-4272-B2DC-D0B06835D3A0}
		{6F7FC773-D0E4-4FC4-BB3F-2FF5DC3EA495} = {6F7FC773-D0E4-4FC4-BB3F-2FF5DC3EA495}
		{FDB42674-ABA0-41AC-9552-C5B6A6DECDDB} = {FDB42674-ABA0-41AC-9552-C5B6A6DECDDB}
		{E6C0DB75-910C-4085-B029-33D8503487A7} = {E6C0DB75-910C-4085-B029-33D8503487A7}
		{19D06E7C-892B-4461-87C6-166634AB6513} = {19D06E7C-892B-4461-87C6-166634AB6513}
		{0CEC8E92-9523-4E59-A9AD-E9CB4DF8D6E9} = {0CEC8E92-9523-4E59-A9AD-E9CB4DF8D6E9}
		{4A27C896-E37C-4317-87B4-6229F5F38DC2} = {4A27C896-E37C-4317-87B4-6229F5F38DC2}
		{8C00A1AC-3F37-494E-A463-E48F82075792} = {8C00A1AC-3F37-494E-A463-E48F82075792}
		{3B7BC9B2-3FDB-4129-A700-59F05B480293} = {3B7BC9B2-3FDB-4129-A700-59F05B480293}
		{E72F0AB4-B8E1-4424-96DC-4C23F167FCA6} = {E72F0AB4-B8E1-4424-96DC-4C23F167FCA6}
		{B81553CC-39BB-4542-A379-F49D2F3A73A3} = {B81553CC-39BB-4542-A379-F49D2F3A73A3}
		{368D8DDB-C349-4FF1-A848-1D14C0944500} = {368D8DDB-C349-4FF1-A848-1D14C0944500}
		{205846E1-5ECC-4E71-81CB-3CB34045ADA2} = {205846E1-5ECC-4E71-81CB-3CB34045ADA2}
		{526FC1E7-C827-4701-8810-6DAEA738E0C4} = {526FC1E7-C827-4701-8810-6DAEA738E0C4}
		{7BBD98EB-0DFE-4602-AA0B-0F657CE494E8} = {7BBD98EB-0DFE-4602-AA0B-0F657CE494E8}
		{8563B5F0-10AC-494E-B27B-0A7AFD0BD0E1} = {8563B5F0-10AC-494E-B27B-0A7AFD0BD0E1}
		{4A04C2F5-7052-47E2-AC88-2BA8AE2DD9F3} = {4A04C2F5-7052-47E2-AC88-2BA8AE2DD9F3}
		{1311DBF5-D188-4034-B25D-AE7A36878C01} = {1311DBF5-D188-4034-B25D-AE7A36878C01}
		{F61CE0F5-56E7-411A-900A-2FD07BECF3C4} = {F61CE0F5-56E7-411A-900A-2FD07BECF3C4}
		{C5451FF8-7264-4300-9F2D-325FE8301E51} = {C5451FF8-7264-4300-9F2D-325FE8301E51}
	EndProjectSection
EndProject
Project("{8BC9CEB8-8B4A-11D0-8D11-00A0C91BC942}") = "GGVR", "Dark Basic Public Shared\Dark Basic Pro SDK\DarkSDKMore\GGVR\GGVR.vcxproj", "{799101E2-52F4-41AF-A47D-307D1FD8C9C8}"
EndProject
Project("{8BC9CEB8-8B4A-11D0-8D11-00A0C91BC942}") = "GGWMR", "Dark Basic Public Shared\Dark Basic Pro SDK\DarkSDKMore\GGWMR\GGWMR.vcxproj", "{C9E8428F-34C1-4FF9-B8F4-7FFC87A68EA4}"
EndProject
Global
	GlobalSection(SolutionConfigurationPlatforms) = preSolution
		Debug Build All|Win32 = Debug Build All|Win32
		Debug Build All|x64 = Debug Build All|x64
		Debug Game|Win32 = Debug Game|Win32
		Debug Game|x64 = Debug Game|x64
		Debug|Win32 = Debug|Win32
		Debug|x64 = Debug|x64
		Release|Win32 = Release|Win32
		Release|x64 = Release|x64
		ReleaseEXE|Win32 = ReleaseEXE|Win32
		ReleaseEXE|x64 = ReleaseEXE|x64
		ReleaseGAME|Win32 = ReleaseGAME|Win32
		ReleaseGAME|x64 = ReleaseGAME|x64
	EndGlobalSection
	GlobalSection(ProjectConfigurationPlatforms) = postSolution
		{7BBD98EB-0DFE-4602-AA0B-0F657CE494E8}.Debug Build All|Win32.ActiveCfg = Debug|Win32
		{7BBD98EB-0DFE-4602-AA0B-0F657CE494E8}.Debug Build All|Win32.Build.0 = Debug|Win32
		{7BBD98EB-0DFE-4602-AA0B-0F657CE494E8}.Debug Build All|x64.ActiveCfg = Release|Win32
		{7BBD98EB-0DFE-4602-AA0B-0F657CE494E8}.Debug Build All|x64.Build.0 = Release|Win32
		{7BBD98EB-0DFE-4602-AA0B-0F657CE494E8}.Debug Game|Win32.ActiveCfg = Debug|Win32
		{7BBD98EB-0DFE-4602-AA0B-0F657CE494E8}.Debug Game|Win32.Build.0 = Debug|Win32
		{7BBD98EB-0DFE-4602-AA0B-0F657CE494E8}.Debug Game|x64.ActiveCfg = Debug Game|Win32
		{7BBD98EB-0DFE-4602-AA0B-0F657CE494E8}.Debug|Win32.ActiveCfg = Debug|Win32
		{7BBD98EB-0DFE-4602-AA0B-0F657CE494E8}.Debug|x64.ActiveCfg = Debug|Win32
		{7BBD98EB-0DFE-4602-AA0B-0F657CE494E8}.Release|Win32.ActiveCfg = Release|Win32
		{7BBD98EB-0DFE-4602-AA0B-0F657CE494E8}.Release|Win32.Build.0 = Release|Win32
		{7BBD98EB-0DFE-4602-AA0B-0F657CE494E8}.Release|x64.ActiveCfg = Release|Win32
		{7BBD98EB-0DFE-4602-AA0B-0F657CE494E8}.ReleaseEXE|Win32.ActiveCfg = Release|Win32
		{7BBD98EB-0DFE-4602-AA0B-0F657CE494E8}.ReleaseEXE|Win32.Build.0 = Release|Win32
		{7BBD98EB-0DFE-4602-AA0B-0F657CE494E8}.ReleaseEXE|x64.ActiveCfg = Release|Win32
		{7BBD98EB-0DFE-4602-AA0B-0F657CE494E8}.ReleaseEXE|x64.Build.0 = Release|Win32
		{7BBD98EB-0DFE-4602-AA0B-0F657CE494E8}.ReleaseGAME|Win32.ActiveCfg = ReleaseGAME|Win32
		{7BBD98EB-0DFE-4602-AA0B-0F657CE494E8}.ReleaseGAME|Win32.Build.0 = ReleaseGAME|Win32
		{7BBD98EB-0DFE-4602-AA0B-0F657CE494E8}.ReleaseGAME|x64.ActiveCfg = ReleaseGAME|Win32
		{6F7FC773-D0E4-4FC4-BB3F-2FF5DC3EA495}.Debug Build All|Win32.ActiveCfg = Debug|Win32
		{6F7FC773-D0E4-4FC4-BB3F-2FF5DC3EA495}.Debug Build All|Win32.Build.0 = Debug|Win32
		{6F7FC773-D0E4-4FC4-BB3F-2FF5DC3EA495}.Debug Build All|x64.ActiveCfg = Release|Win32
		{6F7FC773-D0E4-4FC4-BB3F-2FF5DC3EA495}.Debug Build All|x64.Build.0 = Release|Win32
		{6F7FC773-D0E4-4FC4-BB3F-2FF5DC3EA495}.Debug Game|Win32.ActiveCfg = Debug|Win32
		{6F7FC773-D0E4-4FC4-BB3F-2FF5DC3EA495}.Debug Game|Win32.Build.0 = Debug|Win32
		{6F7FC773-D0E4-4FC4-BB3F-2FF5DC3EA495}.Debug Game|x64.ActiveCfg = Debug Game|Win32
		{6F7FC773-D0E4-4FC4-BB3F-2FF5DC3EA495}.Debug|Win32.ActiveCfg = Debug|Win32
		{6F7FC773-D0E4-4FC4-BB3F-2FF5DC3EA495}.Debug|x64.ActiveCfg = Debug|Win32
		{6F7FC773-D0E4-4FC4-BB3F-2FF5DC3EA495}.Release|Win32.ActiveCfg = Release|Win32
		{6F7FC773-D0E4-4FC4-BB3F-2FF5DC3EA495}.Release|Win32.Build.0 = Release|Win32
		{6F7FC773-D0E4-4FC4-BB3F-2FF5DC3EA495}.Release|x64.ActiveCfg = Release|Win32
		{6F7FC773-D0E4-4FC4-BB3F-2FF5DC3EA495}.ReleaseEXE|Win32.ActiveCfg = Release|Win32
		{6F7FC773-D0E4-4FC4-BB3F-2FF5DC3EA495}.ReleaseEXE|Win32.Build.0 = Release|Win32
		{6F7FC773-D0E4-4FC4-BB3F-2FF5DC3EA495}.ReleaseEXE|x64.ActiveCfg = Release|Win32
		{6F7FC773-D0E4-4FC4-BB3F-2FF5DC3EA495}.ReleaseEXE|x64.Build.0 = Release|Win32
		{6F7FC773-D0E4-4FC4-BB3F-2FF5DC3EA495}.ReleaseGAME|Win32.ActiveCfg = ReleaseGAME|Win32
		{6F7FC773-D0E4-4FC4-BB3F-2FF5DC3EA495}.ReleaseGAME|Win32.Build.0 = ReleaseGAME|Win32
		{6F7FC773-D0E4-4FC4-BB3F-2FF5DC3EA495}.ReleaseGAME|x64.ActiveCfg = ReleaseGAME|Win32
		{D7763803-1667-4016-ACA2-F595DD7581ED}.Debug Build All|Win32.ActiveCfg = Debug|Win32
		{D7763803-1667-4016-ACA2-F595DD7581ED}.Debug Build All|Win32.Build.0 = Debug|Win32
		{D7763803-1667-4016-ACA2-F595DD7581ED}.Debug Build All|x64.ActiveCfg = Release|Win32
		{D7763803-1667-4016-ACA2-F595DD7581ED}.Debug Build All|x64.Build.0 = Release|Win32
		{D7763803-1667-4016-ACA2-F595DD7581ED}.Debug Game|Win32.ActiveCfg = Debug|Win32
		{D7763803-1667-4016-ACA2-F595DD7581ED}.Debug Game|Win32.Build.0 = Debug|Win32
		{D7763803-1667-4016-ACA2-F595DD7581ED}.Debug Game|x64.ActiveCfg = Debug Game|Win32
		{D7763803-1667-4016-ACA2-F595DD7581ED}.Debug|Win32.ActiveCfg = Debug|Win32
		{D7763803-1667-4016-ACA2-F595DD7581ED}.Debug|x64.ActiveCfg = Debug|Win32
		{D7763803-1667-4016-ACA2-F595DD7581ED}.Release|Win32.ActiveCfg = Release|Win32
		{D7763803-1667-4016-ACA2-F595DD7581ED}.Release|Win32.Build.0 = Release|Win32
		{D7763803-1667-4016-ACA2-F595DD7581ED}.Release|x64.ActiveCfg = Release|Win32
		{D7763803-1667-4016-ACA2-F595DD7581ED}.ReleaseEXE|Win32.ActiveCfg = Release|Win32
		{D7763803-1667-4016-ACA2-F595DD7581ED}.ReleaseEXE|Win32.Build.0 = Release|Win32
		{D7763803-1667-4016-ACA2-F595DD7581ED}.ReleaseEXE|x64.ActiveCfg = Release|Win32
		{D7763803-1667-4016-ACA2-F595DD7581ED}.ReleaseEXE|x64.Build.0 = Release|Win32
		{D7763803-1667-4016-ACA2-F595DD7581ED}.ReleaseGAME|Win32.ActiveCfg = ReleaseGAME|Win32
		{D7763803-1667-4016-ACA2-F595DD7581ED}.ReleaseGAME|Win32.Build.0 = ReleaseGAME|Win32
		{D7763803-1667-4016-ACA2-F595DD7581ED}.ReleaseGAME|x64.ActiveCfg = ReleaseGAME|Win32
		{1311DBF5-D188-4034-B25D-AE7A36878C01}.Debug Build All|Win32.ActiveCfg = Debug|Win32
		{1311DBF5-D188-4034-B25D-AE7A36878C01}.Debug Build All|Win32.Build.0 = Debug|Win32
		{1311DBF5-D188-4034-B25D-AE7A36878C01}.Debug Build All|x64.ActiveCfg = Release|Win32
		{1311DBF5-D188-4034-B25D-AE7A36878C01}.Debug Build All|x64.Build.0 = Release|Win32
		{1311DBF5-D188-4034-B25D-AE7A36878C01}.Debug Game|Win32.ActiveCfg = Debug|Win32
		{1311DBF5-D188-4034-B25D-AE7A36878C01}.Debug Game|Win32.Build.0 = Debug|Win32
		{1311DBF5-D188-4034-B25D-AE7A36878C01}.Debug Game|x64.ActiveCfg = Debug Game|Win32
		{1311DBF5-D188-4034-B25D-AE7A36878C01}.Debug|Win32.ActiveCfg = Debug|Win32
		{1311DBF5-D188-4034-B25D-AE7A36878C01}.Debug|x64.ActiveCfg = Debug|Win32
		{1311DBF5-D188-4034-B25D-AE7A36878C01}.Release|Win32.ActiveCfg = Release|Win32
		{1311DBF5-D188-4034-B25D-AE7A36878C01}.Release|Win32.Build.0 = Release|Win32
		{1311DBF5-D188-4034-B25D-AE7A36878C01}.Release|x64.ActiveCfg = Release|Win32
		{1311DBF5-D188-4034-B25D-AE7A36878C01}.ReleaseEXE|Win32.ActiveCfg = Release|Win32
		{1311DBF5-D188-4034-B25D-AE7A36878C01}.ReleaseEXE|Win32.Build.0 = Release|Win32
		{1311DBF5-D188-4034-B25D-AE7A36878C01}.ReleaseEXE|x64.ActiveCfg = Release|Win32
		{1311DBF5-D188-4034-B25D-AE7A36878C01}.ReleaseEXE|x64.Build.0 = Release|Win32
		{1311DBF5-D188-4034-B25D-AE7A36878C01}.ReleaseGAME|Win32.ActiveCfg = ReleaseGAME|Win32
		{1311DBF5-D188-4034-B25D-AE7A36878C01}.ReleaseGAME|Win32.Build.0 = ReleaseGAME|Win32
		{1311DBF5-D188-4034-B25D-AE7A36878C01}.ReleaseGAME|x64.ActiveCfg = ReleaseGAME|Win32
		{06E6A302-6658-4E0E-A894-577D5BD556D7}.Debug Build All|Win32.ActiveCfg = Debug|Win32
		{06E6A302-6658-4E0E-A894-577D5BD556D7}.Debug Build All|Win32.Build.0 = Debug|Win32
		{06E6A302-6658-4E0E-A894-577D5BD556D7}.Debug Build All|x64.ActiveCfg = Release|Win32
		{06E6A302-6658-4E0E-A894-577D5BD556D7}.Debug Build All|x64.Build.0 = Release|Win32
		{06E6A302-6658-4E0E-A894-577D5BD556D7}.Debug Game|Win32.ActiveCfg = Debug|Win32
		{06E6A302-6658-4E0E-A894-577D5BD556D7}.Debug Game|Win32.Build.0 = Debug|Win32
		{06E6A302-6658-4E0E-A894-577D5BD556D7}.Debug Game|x64.ActiveCfg = Debug Game|Win32
		{06E6A302-6658-4E0E-A894-577D5BD556D7}.Debug|Win32.ActiveCfg = Debug|Win32
		{06E6A302-6658-4E0E-A894-577D5BD556D7}.Debug|x64.ActiveCfg = Debug|Win32
		{06E6A302-6658-4E0E-A894-577D5BD556D7}.Release|Win32.ActiveCfg = Release|Win32
		{06E6A302-6658-4E0E-A894-577D5BD556D7}.Release|Win32.Build.0 = Release|Win32
		{06E6A302-6658-4E0E-A894-577D5BD556D7}.Release|x64.ActiveCfg = Release|Win32
		{06E6A302-6658-4E0E-A894-577D5BD556D7}.ReleaseEXE|Win32.ActiveCfg = Release|Win32
		{06E6A302-6658-4E0E-A894-577D5BD556D7}.ReleaseEXE|Win32.Build.0 = Release|Win32
		{06E6A302-6658-4E0E-A894-577D5BD556D7}.ReleaseEXE|x64.ActiveCfg = Release|Win32
		{06E6A302-6658-4E0E-A894-577D5BD556D7}.ReleaseEXE|x64.Build.0 = Release|Win32
		{06E6A302-6658-4E0E-A894-577D5BD556D7}.ReleaseGAME|Win32.ActiveCfg = ReleaseGAME|Win32
		{06E6A302-6658-4E0E-A894-577D5BD556D7}.ReleaseGAME|Win32.Build.0 = ReleaseGAME|Win32
		{06E6A302-6658-4E0E-A894-577D5BD556D7}.ReleaseGAME|x64.ActiveCfg = ReleaseGAME|Win32
		{B81553CC-39BB-4542-A379-F49D2F3A73A3}.Debug Build All|Win32.ActiveCfg = Debug|Win32
		{B81553CC-39BB-4542-A379-F49D2F3A73A3}.Debug Build All|Win32.Build.0 = Debug|Win32
		{B81553CC-39BB-4542-A379-F49D2F3A73A3}.Debug Build All|x64.ActiveCfg = Release|Win32
		{B81553CC-39BB-4542-A379-F49D2F3A73A3}.Debug Build All|x64.Build.0 = Release|Win32
		{B81553CC-39BB-4542-A379-F49D2F3A73A3}.Debug Game|Win32.ActiveCfg = Debug|Win32
		{B81553CC-39BB-4542-A379-F49D2F3A73A3}.Debug Game|Win32.Build.0 = Debug|Win32
		{B81553CC-39BB-4542-A379-F49D2F3A73A3}.Debug Game|x64.ActiveCfg = Debug Game|Win32
		{B81553CC-39BB-4542-A379-F49D2F3A73A3}.Debug|Win32.ActiveCfg = Debug|Win32
		{B81553CC-39BB-4542-A379-F49D2F3A73A3}.Debug|x64.ActiveCfg = Debug|Win32
		{B81553CC-39BB-4542-A379-F49D2F3A73A3}.Release|Win32.ActiveCfg = Release|Win32
		{B81553CC-39BB-4542-A379-F49D2F3A73A3}.Release|Win32.Build.0 = Release|Win32
		{B81553CC-39BB-4542-A379-F49D2F3A73A3}.Release|x64.ActiveCfg = Release|Win32
		{B81553CC-39BB-4542-A379-F49D2F3A73A3}.ReleaseEXE|Win32.ActiveCfg = Release|Win32
		{B81553CC-39BB-4542-A379-F49D2F3A73A3}.ReleaseEXE|Win32.Build.0 = Release|Win32
		{B81553CC-39BB-4542-A379-F49D2F3A73A3}.ReleaseEXE|x64.ActiveCfg = Release|Win32
		{B81553CC-39BB-4542-A379-F49D2F3A73A3}.ReleaseEXE|x64.Build.0 = Release|Win32
		{B81553CC-39BB-4542-A379-F49D2F3A73A3}.ReleaseGAME|Win32.ActiveCfg = ReleaseGAME|Win32
		{B81553CC-39BB-4542-A379-F49D2F3A73A3}.ReleaseGAME|Win32.Build.0 = ReleaseGAME|Win32
		{B81553CC-39BB-4542-A379-F49D2F3A73A3}.ReleaseGAME|x64.ActiveCfg = ReleaseGAME|Win32
		{19D06E7C-892B-4461-87C6-166634AB6513}.Debug Build All|Win32.ActiveCfg = Debug|Win32
		{19D06E7C-892B-4461-87C6-166634AB6513}.Debug Build All|Win32.Build.0 = Debug|Win32
		{19D06E7C-892B-4461-87C6-166634AB6513}.Debug Build All|x64.ActiveCfg = Release|Win32
		{19D06E7C-892B-4461-87C6-166634AB6513}.Debug Build All|x64.Build.0 = Release|Win32
		{19D06E7C-892B-4461-87C6-166634AB6513}.Debug Game|Win32.ActiveCfg = Debug|Win32
		{19D06E7C-892B-4461-87C6-166634AB6513}.Debug Game|Win32.Build.0 = Debug|Win32
		{19D06E7C-892B-4461-87C6-166634AB6513}.Debug Game|x64.ActiveCfg = Debug Game|Win32
		{19D06E7C-892B-4461-87C6-166634AB6513}.Debug|Win32.ActiveCfg = Debug|Win32
		{19D06E7C-892B-4461-87C6-166634AB6513}.Debug|x64.ActiveCfg = Debug|Win32
		{19D06E7C-892B-4461-87C6-166634AB6513}.Release|Win32.ActiveCfg = Release|Win32
		{19D06E7C-892B-4461-87C6-166634AB6513}.Release|Win32.Build.0 = Release|Win32
		{19D06E7C-892B-4461-87C6-166634AB6513}.Release|x64.ActiveCfg = Release|Win32
		{19D06E7C-892B-4461-87C6-166634AB6513}.ReleaseEXE|Win32.ActiveCfg = Release|Win32
		{19D06E7C-892B-4461-87C6-166634AB6513}.ReleaseEXE|Win32.Build.0 = Release|Win32
		{19D06E7C-892B-4461-87C6-166634AB6513}.ReleaseEXE|x64.ActiveCfg = Release|Win32
		{19D06E7C-892B-4461-87C6-166634AB6513}.ReleaseEXE|x64.Build.0 = Release|Win32
		{19D06E7C-892B-4461-87C6-166634AB6513}.ReleaseGAME|Win32.ActiveCfg = ReleaseGAME|Win32
		{19D06E7C-892B-4461-87C6-166634AB6513}.ReleaseGAME|Win32.Build.0 = ReleaseGAME|Win32
		{19D06E7C-892B-4461-87C6-166634AB6513}.ReleaseGAME|x64.ActiveCfg = ReleaseGAME|Win32
		{C0A62805-4411-4176-A24A-91CE14219778}.Debug Build All|Win32.ActiveCfg = Debug|Win32
		{C0A62805-4411-4176-A24A-91CE14219778}.Debug Build All|Win32.Build.0 = Debug|Win32
		{C0A62805-4411-4176-A24A-91CE14219778}.Debug Build All|x64.ActiveCfg = Release|Win32
		{C0A62805-4411-4176-A24A-91CE14219778}.Debug Build All|x64.Build.0 = Release|Win32
		{C0A62805-4411-4176-A24A-91CE14219778}.Debug Game|Win32.ActiveCfg = Debug|Win32
		{C0A62805-4411-4176-A24A-91CE14219778}.Debug Game|Win32.Build.0 = Debug|Win32
		{C0A62805-4411-4176-A24A-91CE14219778}.Debug Game|x64.ActiveCfg = Debug Game|Win32
		{C0A62805-4411-4176-A24A-91CE14219778}.Debug|Win32.ActiveCfg = Debug|Win32
		{C0A62805-4411-4176-A24A-91CE14219778}.Debug|x64.ActiveCfg = Debug|Win32
		{C0A62805-4411-4176-A24A-91CE14219778}.Release|Win32.ActiveCfg = Release|Win32
		{C0A62805-4411-4176-A24A-91CE14219778}.Release|Win32.Build.0 = Release|Win32
		{C0A62805-4411-4176-A24A-91CE14219778}.Release|x64.ActiveCfg = Release|Win32
		{C0A62805-4411-4176-A24A-91CE14219778}.ReleaseEXE|Win32.ActiveCfg = Release|Win32
		{C0A62805-4411-4176-A24A-91CE14219778}.ReleaseEXE|Win32.Build.0 = Release|Win32
		{C0A62805-4411-4176-A24A-91CE14219778}.ReleaseEXE|x64.ActiveCfg = Release|Win32
		{C0A62805-4411-4176-A24A-91CE14219778}.ReleaseEXE|x64.Build.0 = Release|Win32
		{C0A62805-4411-4176-A24A-91CE14219778}.ReleaseGAME|Win32.ActiveCfg = ReleaseGAME|Win32
		{C0A62805-4411-4176-A24A-91CE14219778}.ReleaseGAME|Win32.Build.0 = ReleaseGAME|Win32
		{C0A62805-4411-4176-A24A-91CE14219778}.ReleaseGAME|x64.ActiveCfg = ReleaseGAME|Win32
		{8BA32D12-D5B1-412B-967A-C329376CBEC6}.Debug Build All|Win32.ActiveCfg = Debug|Win32
		{8BA32D12-D5B1-412B-967A-C329376CBEC6}.Debug Build All|Win32.Build.0 = Debug|Win32
		{8BA32D12-D5B1-412B-967A-C329376CBEC6}.Debug Build All|x64.ActiveCfg = Release|Win32
		{8BA32D12-D5B1-412B-967A-C329376CBEC6}.Debug Build All|x64.Build.0 = Release|Win32
		{8BA32D12-D5B1-412B-967A-C329376CBEC6}.Debug Game|Win32.ActiveCfg = Debug|Win32
		{8BA32D12-D5B1-412B-967A-C329376CBEC6}.Debug Game|Win32.Build.0 = Debug|Win32
		{8BA32D12-D5B1-412B-967A-C329376CBEC6}.Debug Game|x64.ActiveCfg = Debug Game|Win32
		{8BA32D12-D5B1-412B-967A-C329376CBEC6}.Debug|Win32.ActiveCfg = Debug|Win32
		{8BA32D12-D5B1-412B-967A-C329376CBEC6}.Debug|x64.ActiveCfg = Debug|Win32
		{8BA32D12-D5B1-412B-967A-C329376CBEC6}.Release|Win32.ActiveCfg = Release|Win32
		{8BA32D12-D5B1-412B-967A-C329376CBEC6}.Release|Win32.Build.0 = Release|Win32
		{8BA32D12-D5B1-412B-967A-C329376CBEC6}.Release|x64.ActiveCfg = Release|Win32
		{8BA32D12-D5B1-412B-967A-C329376CBEC6}.ReleaseEXE|Win32.ActiveCfg = Release|Win32
		{8BA32D12-D5B1-412B-967A-C329376CBEC6}.ReleaseEXE|Win32.Build.0 = Release|Win32
		{8BA32D12-D5B1-412B-967A-C329376CBEC6}.ReleaseEXE|x64.ActiveCfg = Release|Win32
		{8BA32D12-D5B1-412B-967A-C329376CBEC6}.ReleaseEXE|x64.Build.0 = Release|Win32
		{8BA32D12-D5B1-412B-967A-C329376CBEC6}.ReleaseGAME|Win32.ActiveCfg = ReleaseGAME|Win32
		{8BA32D12-D5B1-412B-967A-C329376CBEC6}.ReleaseGAME|Win32.Build.0 = ReleaseGAME|Win32
		{8BA32D12-D5B1-412B-967A-C329376CBEC6}.ReleaseGAME|x64.ActiveCfg = ReleaseGAME|Win32
		{3B7BC9B2-3FDB-4129-A700-59F05B480293}.Debug Build All|Win32.ActiveCfg = Debug|Win32
		{3B7BC9B2-3FDB-4129-A700-59F05B480293}.Debug Build All|Win32.Build.0 = Debug|Win32
		{3B7BC9B2-3FDB-4129-A700-59F05B480293}.Debug Build All|x64.ActiveCfg = Release|Win32
		{3B7BC9B2-3FDB-4129-A700-59F05B480293}.Debug Build All|x64.Build.0 = Release|Win32
		{3B7BC9B2-3FDB-4129-A700-59F05B480293}.Debug Game|Win32.ActiveCfg = Debug|Win32
		{3B7BC9B2-3FDB-4129-A700-59F05B480293}.Debug Game|Win32.Build.0 = Debug|Win32
		{3B7BC9B2-3FDB-4129-A700-59F05B480293}.Debug Game|x64.ActiveCfg = Debug Game|Win32
		{3B7BC9B2-3FDB-4129-A700-59F05B480293}.Debug|Win32.ActiveCfg = Debug|Win32
		{3B7BC9B2-3FDB-4129-A700-59F05B480293}.Debug|x64.ActiveCfg = Debug|Win32
		{3B7BC9B2-3FDB-4129-A700-59F05B480293}.Release|Win32.ActiveCfg = Release|Win32
		{3B7BC9B2-3FDB-4129-A700-59F05B480293}.Release|Win32.Build.0 = Release|Win32
		{3B7BC9B2-3FDB-4129-A700-59F05B480293}.Release|x64.ActiveCfg = Release|Win32
		{3B7BC9B2-3FDB-4129-A700-59F05B480293}.ReleaseEXE|Win32.ActiveCfg = Release|Win32
		{3B7BC9B2-3FDB-4129-A700-59F05B480293}.ReleaseEXE|Win32.Build.0 = Release|Win32
		{3B7BC9B2-3FDB-4129-A700-59F05B480293}.ReleaseEXE|x64.ActiveCfg = Release|Win32
		{3B7BC9B2-3FDB-4129-A700-59F05B480293}.ReleaseEXE|x64.Build.0 = Release|Win32
		{3B7BC9B2-3FDB-4129-A700-59F05B480293}.ReleaseGAME|Win32.ActiveCfg = ReleaseGAME|Win32
		{3B7BC9B2-3FDB-4129-A700-59F05B480293}.ReleaseGAME|Win32.Build.0 = ReleaseGAME|Win32
		{3B7BC9B2-3FDB-4129-A700-59F05B480293}.ReleaseGAME|x64.ActiveCfg = ReleaseGAME|Win32
		{8563B5F0-10AC-494E-B27B-0A7AFD0BD0E1}.Debug Build All|Win32.ActiveCfg = Debug|Win32
		{8563B5F0-10AC-494E-B27B-0A7AFD0BD0E1}.Debug Build All|Win32.Build.0 = Debug|Win32
		{8563B5F0-10AC-494E-B27B-0A7AFD0BD0E1}.Debug Build All|x64.ActiveCfg = Release|Win32
		{8563B5F0-10AC-494E-B27B-0A7AFD0BD0E1}.Debug Build All|x64.Build.0 = Release|Win32
		{8563B5F0-10AC-494E-B27B-0A7AFD0BD0E1}.Debug Game|Win32.ActiveCfg = Debug|Win32
		{8563B5F0-10AC-494E-B27B-0A7AFD0BD0E1}.Debug Game|Win32.Build.0 = Debug|Win32
		{8563B5F0-10AC-494E-B27B-0A7AFD0BD0E1}.Debug Game|x64.ActiveCfg = Debug Game|Win32
		{8563B5F0-10AC-494E-B27B-0A7AFD0BD0E1}.Debug|Win32.ActiveCfg = Debug|Win32
		{8563B5F0-10AC-494E-B27B-0A7AFD0BD0E1}.Debug|x64.ActiveCfg = Debug|Win32
		{8563B5F0-10AC-494E-B27B-0A7AFD0BD0E1}.Release|Win32.ActiveCfg = Release|Win32
		{8563B5F0-10AC-494E-B27B-0A7AFD0BD0E1}.Release|Win32.Build.0 = Release|Win32
		{8563B5F0-10AC-494E-B27B-0A7AFD0BD0E1}.Release|x64.ActiveCfg = Release|Win32
		{8563B5F0-10AC-494E-B27B-0A7AFD0BD0E1}.ReleaseEXE|Win32.ActiveCfg = Release|Win32
		{8563B5F0-10AC-494E-B27B-0A7AFD0BD0E1}.ReleaseEXE|Win32.Build.0 = Release|Win32
		{8563B5F0-10AC-494E-B27B-0A7AFD0BD0E1}.ReleaseEXE|x64.ActiveCfg = Release|Win32
		{8563B5F0-10AC-494E-B27B-0A7AFD0BD0E1}.ReleaseEXE|x64.Build.0 = Release|Win32
		{8563B5F0-10AC-494E-B27B-0A7AFD0BD0E1}.ReleaseGAME|Win32.ActiveCfg = ReleaseGAME|Win32
		{8563B5F0-10AC-494E-B27B-0A7AFD0BD0E1}.ReleaseGAME|Win32.Build.0 = ReleaseGAME|Win32
		{8563B5F0-10AC-494E-B27B-0A7AFD0BD0E1}.ReleaseGAME|x64.ActiveCfg = ReleaseGAME|Win32
		{FDB42674-ABA0-41AC-9552-C5B6A6DECDDB}.Debug Build All|Win32.ActiveCfg = Debug|Win32
		{FDB42674-ABA0-41AC-9552-C5B6A6DECDDB}.Debug Build All|Win32.Build.0 = Debug|Win32
		{FDB42674-ABA0-41AC-9552-C5B6A6DECDDB}.Debug Build All|x64.ActiveCfg = Release|Win32
		{FDB42674-ABA0-41AC-9552-C5B6A6DECDDB}.Debug Build All|x64.Build.0 = Release|Win32
		{FDB42674-ABA0-41AC-9552-C5B6A6DECDDB}.Debug Game|Win32.ActiveCfg = Debug|Win32
		{FDB42674-ABA0-41AC-9552-C5B6A6DECDDB}.Debug Game|Win32.Build.0 = Debug|Win32
		{FDB42674-ABA0-41AC-9552-C5B6A6DECDDB}.Debug Game|x64.ActiveCfg = Debug Game|Win32
		{FDB42674-ABA0-41AC-9552-C5B6A6DECDDB}.Debug|Win32.ActiveCfg = Debug|Win32
		{FDB42674-ABA0-41AC-9552-C5B6A6DECDDB}.Debug|x64.ActiveCfg = Debug|Win32
		{FDB42674-ABA0-41AC-9552-C5B6A6DECDDB}.Release|Win32.ActiveCfg = Release|Win32
		{FDB42674-ABA0-41AC-9552-C5B6A6DECDDB}.Release|Win32.Build.0 = Release|Win32
		{FDB42674-ABA0-41AC-9552-C5B6A6DECDDB}.Release|x64.ActiveCfg = Release|Win32
		{FDB42674-ABA0-41AC-9552-C5B6A6DECDDB}.ReleaseEXE|Win32.ActiveCfg = Release|Win32
		{FDB42674-ABA0-41AC-9552-C5B6A6DECDDB}.ReleaseEXE|Win32.Build.0 = Release|Win32
		{FDB42674-ABA0-41AC-9552-C5B6A6DECDDB}.ReleaseEXE|x64.ActiveCfg = Release|Win32
		{FDB42674-ABA0-41AC-9552-C5B6A6DECDDB}.ReleaseEXE|x64.Build.0 = Release|Win32
		{FDB42674-ABA0-41AC-9552-C5B6A6DECDDB}.ReleaseGAME|Win32.ActiveCfg = ReleaseGAME|Win32
		{FDB42674-ABA0-41AC-9552-C5B6A6DECDDB}.ReleaseGAME|Win32.Build.0 = ReleaseGAME|Win32
		{FDB42674-ABA0-41AC-9552-C5B6A6DECDDB}.ReleaseGAME|x64.ActiveCfg = ReleaseGAME|Win32
		{5EC29E1C-8C20-4C9C-9C2D-71493CE16D73}.Debug Build All|Win32.ActiveCfg = Debug|Win32
		{5EC29E1C-8C20-4C9C-9C2D-71493CE16D73}.Debug Build All|Win32.Build.0 = Debug|Win32
		{5EC29E1C-8C20-4C9C-9C2D-71493CE16D73}.Debug Build All|x64.ActiveCfg = Release|Win32
		{5EC29E1C-8C20-4C9C-9C2D-71493CE16D73}.Debug Build All|x64.Build.0 = Release|Win32
		{5EC29E1C-8C20-4C9C-9C2D-71493CE16D73}.Debug Game|Win32.ActiveCfg = Debug|Win32
		{5EC29E1C-8C20-4C9C-9C2D-71493CE16D73}.Debug Game|Win32.Build.0 = Debug|Win32
		{5EC29E1C-8C20-4C9C-9C2D-71493CE16D73}.Debug Game|x64.ActiveCfg = Debug Game|Win32
		{5EC29E1C-8C20-4C9C-9C2D-71493CE16D73}.Debug|Win32.ActiveCfg = Debug|Win32
		{5EC29E1C-8C20-4C9C-9C2D-71493CE16D73}.Debug|x64.ActiveCfg = Debug|Win32
		{5EC29E1C-8C20-4C9C-9C2D-71493CE16D73}.Release|Win32.ActiveCfg = Release|Win32
		{5EC29E1C-8C20-4C9C-9C2D-71493CE16D73}.Release|Win32.Build.0 = Release|Win32
		{5EC29E1C-8C20-4C9C-9C2D-71493CE16D73}.Release|x64.ActiveCfg = Release|Win32
		{5EC29E1C-8C20-4C9C-9C2D-71493CE16D73}.ReleaseEXE|Win32.ActiveCfg = Release|Win32
		{5EC29E1C-8C20-4C9C-9C2D-71493CE16D73}.ReleaseEXE|Win32.Build.0 = Release|Win32
		{5EC29E1C-8C20-4C9C-9C2D-71493CE16D73}.ReleaseEXE|x64.ActiveCfg = Release|Win32
		{5EC29E1C-8C20-4C9C-9C2D-71493CE16D73}.ReleaseEXE|x64.Build.0 = Release|Win32
		{5EC29E1C-8C20-4C9C-9C2D-71493CE16D73}.ReleaseGAME|Win32.ActiveCfg = ReleaseGAME|Win32
		{5EC29E1C-8C20-4C9C-9C2D-71493CE16D73}.ReleaseGAME|Win32.Build.0 = ReleaseGAME|Win32
		{5EC29E1C-8C20-4C9C-9C2D-71493CE16D73}.ReleaseGAME|x64.ActiveCfg = ReleaseGAME|Win32
		{C22CB11E-0592-4DDD-B8D8-296FCA25F07C}.Debug Build All|Win32.ActiveCfg = Debug|Win32
		{C22CB11E-0592-4DDD-B8D8-296FCA25F07C}.Debug Build All|Win32.Build.0 = Debug|Win32
		{C22CB11E-0592-4DDD-B8D8-296FCA25F07C}.Debug Build All|x64.ActiveCfg = Release|Win32
		{C22CB11E-0592-4DDD-B8D8-296FCA25F07C}.Debug Build All|x64.Build.0 = Release|Win32
		{C22CB11E-0592-4DDD-B8D8-296FCA25F07C}.Debug Game|Win32.ActiveCfg = Debug|Win32
		{C22CB11E-0592-4DDD-B8D8-296FCA25F07C}.Debug Game|Win32.Build.0 = Debug|Win32
		{C22CB11E-0592-4DDD-B8D8-296FCA25F07C}.Debug Game|x64.ActiveCfg = Debug Game|Win32
		{C22CB11E-0592-4DDD-B8D8-296FCA25F07C}.Debug|Win32.ActiveCfg = Debug|Win32
		{C22CB11E-0592-4DDD-B8D8-296FCA25F07C}.Debug|x64.ActiveCfg = Debug|Win32
		{C22CB11E-0592-4DDD-B8D8-296FCA25F07C}.Release|Win32.ActiveCfg = Release|Win32
		{C22CB11E-0592-4DDD-B8D8-296FCA25F07C}.Release|Win32.Build.0 = Release|Win32
		{C22CB11E-0592-4DDD-B8D8-296FCA25F07C}.Release|x64.ActiveCfg = Release|Win32
		{C22CB11E-0592-4DDD-B8D8-296FCA25F07C}.ReleaseEXE|Win32.ActiveCfg = Release|Win32
		{C22CB11E-0592-4DDD-B8D8-296FCA25F07C}.ReleaseEXE|Win32.Build.0 = Release|Win32
		{C22CB11E-0592-4DDD-B8D8-296FCA25F07C}.ReleaseEXE|x64.ActiveCfg = Release|Win32
		{C22CB11E-0592-4DDD-B8D8-296FCA25F07C}.ReleaseEXE|x64.Build.0 = Release|Win32
		{C22CB11E-0592-4DDD-B8D8-296FCA25F07C}.ReleaseGAME|Win32.ActiveCfg = ReleaseGAME|Win32
		{C22CB11E-0592-4DDD-B8D8-296FCA25F07C}.ReleaseGAME|Win32.Build.0 = ReleaseGAME|Win32
		{C22CB11E-0592-4DDD-B8D8-296FCA25F07C}.ReleaseGAME|x64.ActiveCfg = ReleaseGAME|Win32
		{3FD0AB41-23EC-492A-8161-95A253684D05}.Debug Build All|Win32.ActiveCfg = Debug|Win32
		{3FD0AB41-23EC-492A-8161-95A253684D05}.Debug Build All|Win32.Build.0 = Debug|Win32
		{3FD0AB41-23EC-492A-8161-95A253684D05}.Debug Build All|x64.ActiveCfg = Release|Win32
		{3FD0AB41-23EC-492A-8161-95A253684D05}.Debug Build All|x64.Build.0 = Release|Win32
		{3FD0AB41-23EC-492A-8161-95A253684D05}.Debug Game|Win32.ActiveCfg = Debug|Win32
		{3FD0AB41-23EC-492A-8161-95A253684D05}.Debug Game|Win32.Build.0 = Debug|Win32
		{3FD0AB41-23EC-492A-8161-95A253684D05}.Debug Game|x64.ActiveCfg = Debug Game|Win32
		{3FD0AB41-23EC-492A-8161-95A253684D05}.Debug|Win32.ActiveCfg = Debug|Win32
		{3FD0AB41-23EC-492A-8161-95A253684D05}.Debug|x64.ActiveCfg = Debug|Win32
		{3FD0AB41-23EC-492A-8161-95A253684D05}.Release|Win32.ActiveCfg = Release|Win32
		{3FD0AB41-23EC-492A-8161-95A253684D05}.Release|Win32.Build.0 = Release|Win32
		{3FD0AB41-23EC-492A-8161-95A253684D05}.Release|x64.ActiveCfg = Release|Win32
		{3FD0AB41-23EC-492A-8161-95A253684D05}.ReleaseEXE|Win32.ActiveCfg = Release|Win32
		{3FD0AB41-23EC-492A-8161-95A253684D05}.ReleaseEXE|Win32.Build.0 = Release|Win32
		{3FD0AB41-23EC-492A-8161-95A253684D05}.ReleaseEXE|x64.ActiveCfg = Release|Win32
		{3FD0AB41-23EC-492A-8161-95A253684D05}.ReleaseEXE|x64.Build.0 = Release|Win32
		{3FD0AB41-23EC-492A-8161-95A253684D05}.ReleaseGAME|Win32.ActiveCfg = ReleaseGAME|Win32
		{3FD0AB41-23EC-492A-8161-95A253684D05}.ReleaseGAME|Win32.Build.0 = ReleaseGAME|Win32
		{3FD0AB41-23EC-492A-8161-95A253684D05}.ReleaseGAME|x64.ActiveCfg = ReleaseGAME|Win32
		{368D8DDB-C349-4FF1-A848-1D14C0944500}.Debug Build All|Win32.ActiveCfg = Debug|Win32
		{368D8DDB-C349-4FF1-A848-1D14C0944500}.Debug Build All|Win32.Build.0 = Debug|Win32
		{368D8DDB-C349-4FF1-A848-1D14C0944500}.Debug Build All|x64.ActiveCfg = Release|Win32
		{368D8DDB-C349-4FF1-A848-1D14C0944500}.Debug Build All|x64.Build.0 = Release|Win32
		{368D8DDB-C349-4FF1-A848-1D14C0944500}.Debug Game|Win32.ActiveCfg = Debug|Win32
		{368D8DDB-C349-4FF1-A848-1D14C0944500}.Debug Game|Win32.Build.0 = Debug|Win32
		{368D8DDB-C349-4FF1-A848-1D14C0944500}.Debug Game|x64.ActiveCfg = Debug Game|Win32
		{368D8DDB-C349-4FF1-A848-1D14C0944500}.Debug|Win32.ActiveCfg = Debug|Win32
		{368D8DDB-C349-4FF1-A848-1D14C0944500}.Debug|x64.ActiveCfg = Debug|Win32
		{368D8DDB-C349-4FF1-A848-1D14C0944500}.Release|Win32.ActiveCfg = Release|Win32
		{368D8DDB-C349-4FF1-A848-1D14C0944500}.Release|Win32.Build.0 = Release|Win32
		{368D8DDB-C349-4FF1-A848-1D14C0944500}.Release|x64.ActiveCfg = Release|Win32
		{368D8DDB-C349-4FF1-A848-1D14C0944500}.ReleaseEXE|Win32.ActiveCfg = Release|Win32
		{368D8DDB-C349-4FF1-A848-1D14C0944500}.ReleaseEXE|Win32.Build.0 = Release|Win32
		{368D8DDB-C349-4FF1-A848-1D14C0944500}.ReleaseEXE|x64.ActiveCfg = Release|Win32
		{368D8DDB-C349-4FF1-A848-1D14C0944500}.ReleaseEXE|x64.Build.0 = Release|Win32
		{368D8DDB-C349-4FF1-A848-1D14C0944500}.ReleaseGAME|Win32.ActiveCfg = ReleaseGAME|Win32
		{368D8DDB-C349-4FF1-A848-1D14C0944500}.ReleaseGAME|Win32.Build.0 = ReleaseGAME|Win32
		{368D8DDB-C349-4FF1-A848-1D14C0944500}.ReleaseGAME|x64.ActiveCfg = ReleaseGAME|Win32
		{35D0D628-907B-4378-95E1-EEF2B5E891BF}.Debug Build All|Win32.ActiveCfg = Debug|Win32
		{35D0D628-907B-4378-95E1-EEF2B5E891BF}.Debug Build All|Win32.Build.0 = Debug|Win32
		{35D0D628-907B-4378-95E1-EEF2B5E891BF}.Debug Build All|x64.ActiveCfg = Release|Win32
		{35D0D628-907B-4378-95E1-EEF2B5E891BF}.Debug Build All|x64.Build.0 = Release|Win32
		{35D0D628-907B-4378-95E1-EEF2B5E891BF}.Debug Game|Win32.ActiveCfg = Debug|Win32
		{35D0D628-907B-4378-95E1-EEF2B5E891BF}.Debug Game|Win32.Build.0 = Debug|Win32
		{35D0D628-907B-4378-95E1-EEF2B5E891BF}.Debug Game|x64.ActiveCfg = Debug Game|Win32
		{35D0D628-907B-4378-95E1-EEF2B5E891BF}.Debug|Win32.ActiveCfg = Debug|Win32
		{35D0D628-907B-4378-95E1-EEF2B5E891BF}.Debug|x64.ActiveCfg = Debug|Win32
		{35D0D628-907B-4378-95E1-EEF2B5E891BF}.Release|Win32.ActiveCfg = Release|Win32
		{35D0D628-907B-4378-95E1-EEF2B5E891BF}.Release|Win32.Build.0 = Release|Win32
		{35D0D628-907B-4378-95E1-EEF2B5E891BF}.Release|x64.ActiveCfg = Release|Win32
		{35D0D628-907B-4378-95E1-EEF2B5E891BF}.ReleaseEXE|Win32.ActiveCfg = Release|Win32
		{35D0D628-907B-4378-95E1-EEF2B5E891BF}.ReleaseEXE|Win32.Build.0 = Release|Win32
		{35D0D628-907B-4378-95E1-EEF2B5E891BF}.ReleaseEXE|x64.ActiveCfg = Release|Win32
		{35D0D628-907B-4378-95E1-EEF2B5E891BF}.ReleaseEXE|x64.Build.0 = Release|Win32
		{35D0D628-907B-4378-95E1-EEF2B5E891BF}.ReleaseGAME|Win32.ActiveCfg = ReleaseGAME|Win32
		{35D0D628-907B-4378-95E1-EEF2B5E891BF}.ReleaseGAME|Win32.Build.0 = ReleaseGAME|Win32
		{35D0D628-907B-4378-95E1-EEF2B5E891BF}.ReleaseGAME|x64.ActiveCfg = ReleaseGAME|Win32
		{73383739-8763-47B9-8A3F-6727B491191D}.Debug Build All|Win32.ActiveCfg = Debug|Win32
		{73383739-8763-47B9-8A3F-6727B491191D}.Debug Build All|Win32.Build.0 = Debug|Win32
		{73383739-8763-47B9-8A3F-6727B491191D}.Debug Build All|x64.ActiveCfg = Release|Win32
		{73383739-8763-47B9-8A3F-6727B491191D}.Debug Build All|x64.Build.0 = Release|Win32
		{73383739-8763-47B9-8A3F-6727B491191D}.Debug Game|Win32.ActiveCfg = Debug|Win32
		{73383739-8763-47B9-8A3F-6727B491191D}.Debug Game|Win32.Build.0 = Debug|Win32
		{73383739-8763-47B9-8A3F-6727B491191D}.Debug Game|x64.ActiveCfg = Debug Game|Win32
		{73383739-8763-47B9-8A3F-6727B491191D}.Debug|Win32.ActiveCfg = Debug|Win32
		{73383739-8763-47B9-8A3F-6727B491191D}.Debug|x64.ActiveCfg = Debug|Win32
		{73383739-8763-47B9-8A3F-6727B491191D}.Release|Win32.ActiveCfg = Release|Win32
		{73383739-8763-47B9-8A3F-6727B491191D}.Release|Win32.Build.0 = Release|Win32
		{73383739-8763-47B9-8A3F-6727B491191D}.Release|x64.ActiveCfg = Release|Win32
		{73383739-8763-47B9-8A3F-6727B491191D}.ReleaseEXE|Win32.ActiveCfg = Release|Win32
		{73383739-8763-47B9-8A3F-6727B491191D}.ReleaseEXE|Win32.Build.0 = Release|Win32
		{73383739-8763-47B9-8A3F-6727B491191D}.ReleaseEXE|x64.ActiveCfg = Release|Win32
		{73383739-8763-47B9-8A3F-6727B491191D}.ReleaseEXE|x64.Build.0 = Release|Win32
		{73383739-8763-47B9-8A3F-6727B491191D}.ReleaseGAME|Win32.ActiveCfg = ReleaseGAME|Win32
		{73383739-8763-47B9-8A3F-6727B491191D}.ReleaseGAME|Win32.Build.0 = ReleaseGAME|Win32
		{73383739-8763-47B9-8A3F-6727B491191D}.ReleaseGAME|x64.ActiveCfg = ReleaseGAME|Win32
		{E72F0AB4-B8E1-4424-96DC-4C23F167FCA6}.Debug Build All|Win32.ActiveCfg = Debug|Win32
		{E72F0AB4-B8E1-4424-96DC-4C23F167FCA6}.Debug Build All|Win32.Build.0 = Debug|Win32
		{E72F0AB4-B8E1-4424-96DC-4C23F167FCA6}.Debug Build All|x64.ActiveCfg = Release|Win32
		{E72F0AB4-B8E1-4424-96DC-4C23F167FCA6}.Debug Build All|x64.Build.0 = Release|Win32
		{E72F0AB4-B8E1-4424-96DC-4C23F167FCA6}.Debug Game|Win32.ActiveCfg = Debug|Win32
		{E72F0AB4-B8E1-4424-96DC-4C23F167FCA6}.Debug Game|Win32.Build.0 = Debug|Win32
		{E72F0AB4-B8E1-4424-96DC-4C23F167FCA6}.Debug Game|x64.ActiveCfg = Debug Game|Win32
		{E72F0AB4-B8E1-4424-96DC-4C23F167FCA6}.Debug|Win32.ActiveCfg = Debug|Win32
		{E72F0AB4-B8E1-4424-96DC-4C23F167FCA6}.Debug|x64.ActiveCfg = Debug|Win32
		{E72F0AB4-B8E1-4424-96DC-4C23F167FCA6}.Release|Win32.ActiveCfg = Release|Win32
		{E72F0AB4-B8E1-4424-96DC-4C23F167FCA6}.Release|Win32.Build.0 = Release|Win32
		{E72F0AB4-B8E1-4424-96DC-4C23F167FCA6}.Release|x64.ActiveCfg = Release|Win32
		{E72F0AB4-B8E1-4424-96DC-4C23F167FCA6}.ReleaseEXE|Win32.ActiveCfg = Release|Win32
		{E72F0AB4-B8E1-4424-96DC-4C23F167FCA6}.ReleaseEXE|Win32.Build.0 = Release|Win32
		{E72F0AB4-B8E1-4424-96DC-4C23F167FCA6}.ReleaseEXE|x64.ActiveCfg = Release|Win32
		{E72F0AB4-B8E1-4424-96DC-4C23F167FCA6}.ReleaseEXE|x64.Build.0 = Release|Win32
		{E72F0AB4-B8E1-4424-96DC-4C23F167FCA6}.ReleaseGAME|Win32.ActiveCfg = ReleaseGAME|Win32
		{E72F0AB4-B8E1-4424-96DC-4C23F167FCA6}.ReleaseGAME|Win32.Build.0 = ReleaseGAME|Win32
		{E72F0AB4-B8E1-4424-96DC-4C23F167FCA6}.ReleaseGAME|x64.ActiveCfg = ReleaseGAME|Win32
		{4A04C2F5-7052-47E2-AC88-2BA8AE2DD9F3}.Debug Build All|Win32.ActiveCfg = Debug|Win32
		{4A04C2F5-7052-47E2-AC88-2BA8AE2DD9F3}.Debug Build All|Win32.Build.0 = Debug|Win32
		{4A04C2F5-7052-47E2-AC88-2BA8AE2DD9F3}.Debug Build All|x64.ActiveCfg = Release|Win32
		{4A04C2F5-7052-47E2-AC88-2BA8AE2DD9F3}.Debug Build All|x64.Build.0 = Release|Win32
		{4A04C2F5-7052-47E2-AC88-2BA8AE2DD9F3}.Debug Game|Win32.ActiveCfg = Debug|Win32
		{4A04C2F5-7052-47E2-AC88-2BA8AE2DD9F3}.Debug Game|Win32.Build.0 = Debug|Win32
		{4A04C2F5-7052-47E2-AC88-2BA8AE2DD9F3}.Debug Game|x64.ActiveCfg = Debug Game|Win32
		{4A04C2F5-7052-47E2-AC88-2BA8AE2DD9F3}.Debug|Win32.ActiveCfg = Debug|Win32
		{4A04C2F5-7052-47E2-AC88-2BA8AE2DD9F3}.Debug|x64.ActiveCfg = Debug|Win32
		{4A04C2F5-7052-47E2-AC88-2BA8AE2DD9F3}.Release|Win32.ActiveCfg = Release|Win32
		{4A04C2F5-7052-47E2-AC88-2BA8AE2DD9F3}.Release|Win32.Build.0 = Release|Win32
		{4A04C2F5-7052-47E2-AC88-2BA8AE2DD9F3}.Release|x64.ActiveCfg = Release|Win32
		{4A04C2F5-7052-47E2-AC88-2BA8AE2DD9F3}.ReleaseEXE|Win32.ActiveCfg = Release|Win32
		{4A04C2F5-7052-47E2-AC88-2BA8AE2DD9F3}.ReleaseEXE|Win32.Build.0 = Release|Win32
		{4A04C2F5-7052-47E2-AC88-2BA8AE2DD9F3}.ReleaseEXE|x64.ActiveCfg = Release|Win32
		{4A04C2F5-7052-47E2-AC88-2BA8AE2DD9F3}.ReleaseEXE|x64.Build.0 = Release|Win32
		{4A04C2F5-7052-47E2-AC88-2BA8AE2DD9F3}.ReleaseGAME|Win32.ActiveCfg = ReleaseGAME|Win32
		{4A04C2F5-7052-47E2-AC88-2BA8AE2DD9F3}.ReleaseGAME|Win32.Build.0 = ReleaseGAME|Win32
		{4A04C2F5-7052-47E2-AC88-2BA8AE2DD9F3}.ReleaseGAME|x64.ActiveCfg = ReleaseGAME|Win32
		{18217E4D-F8C2-44C6-9A36-31196E758A0C}.Debug Build All|Win32.ActiveCfg = Debug|Win32
		{18217E4D-F8C2-44C6-9A36-31196E758A0C}.Debug Build All|Win32.Build.0 = Debug|Win32
		{18217E4D-F8C2-44C6-9A36-31196E758A0C}.Debug Build All|x64.ActiveCfg = Debug Build All|Win32
		{18217E4D-F8C2-44C6-9A36-31196E758A0C}.Debug Game|Win32.ActiveCfg = Debug Game|Win32
		{18217E4D-F8C2-44C6-9A36-31196E758A0C}.Debug Game|Win32.Build.0 = Debug Game|Win32
		{18217E4D-F8C2-44C6-9A36-31196E758A0C}.Debug Game|x64.ActiveCfg = Debug Game|x64
		{18217E4D-F8C2-44C6-9A36-31196E758A0C}.Debug Game|x64.Build.0 = Debug Game|x64
		{18217E4D-F8C2-44C6-9A36-31196E758A0C}.Debug|Win32.ActiveCfg = Debug|Win32
		{18217E4D-F8C2-44C6-9A36-31196E758A0C}.Debug|Win32.Build.0 = Debug|Win32
		{18217E4D-F8C2-44C6-9A36-31196E758A0C}.Debug|x64.ActiveCfg = Debug|Win32
		{18217E4D-F8C2-44C6-9A36-31196E758A0C}.Release|Win32.ActiveCfg = Release|Win32
		{18217E4D-F8C2-44C6-9A36-31196E758A0C}.Release|Win32.Build.0 = Release|Win32
		{18217E4D-F8C2-44C6-9A36-31196E758A0C}.Release|x64.ActiveCfg = Release|Win32
		{18217E4D-F8C2-44C6-9A36-31196E758A0C}.ReleaseEXE|Win32.ActiveCfg = ReleaseEXE|Win32
		{18217E4D-F8C2-44C6-9A36-31196E758A0C}.ReleaseEXE|Win32.Build.0 = ReleaseEXE|Win32
		{18217E4D-F8C2-44C6-9A36-31196E758A0C}.ReleaseEXE|x64.ActiveCfg = ReleaseEXE|x64
		{18217E4D-F8C2-44C6-9A36-31196E758A0C}.ReleaseEXE|x64.Build.0 = ReleaseEXE|x64
		{18217E4D-F8C2-44C6-9A36-31196E758A0C}.ReleaseGAME|Win32.ActiveCfg = ReleaseGAME|Win32
		{18217E4D-F8C2-44C6-9A36-31196E758A0C}.ReleaseGAME|Win32.Build.0 = ReleaseGAME|Win32
		{18217E4D-F8C2-44C6-9A36-31196E758A0C}.ReleaseGAME|x64.ActiveCfg = ReleaseGAME|x64
		{18217E4D-F8C2-44C6-9A36-31196E758A0C}.ReleaseGAME|x64.Build.0 = ReleaseGAME|x64
		{F61CE0F5-56E7-411A-900A-2FD07BECF3C4}.Debug Build All|Win32.ActiveCfg = Debug|Win32
		{F61CE0F5-56E7-411A-900A-2FD07BECF3C4}.Debug Build All|Win32.Build.0 = Debug|Win32
		{F61CE0F5-56E7-411A-900A-2FD07BECF3C4}.Debug Build All|x64.ActiveCfg = Release|Win32
		{F61CE0F5-56E7-411A-900A-2FD07BECF3C4}.Debug Build All|x64.Build.0 = Release|Win32
		{F61CE0F5-56E7-411A-900A-2FD07BECF3C4}.Debug Game|Win32.ActiveCfg = Debug|Win32
		{F61CE0F5-56E7-411A-900A-2FD07BECF3C4}.Debug Game|Win32.Build.0 = Debug|Win32
		{F61CE0F5-56E7-411A-900A-2FD07BECF3C4}.Debug Game|x64.ActiveCfg = Debug Game|Win32
		{F61CE0F5-56E7-411A-900A-2FD07BECF3C4}.Debug|Win32.ActiveCfg = Debug|Win32
		{F61CE0F5-56E7-411A-900A-2FD07BECF3C4}.Debug|x64.ActiveCfg = Debug|Win32
		{F61CE0F5-56E7-411A-900A-2FD07BECF3C4}.Release|Win32.ActiveCfg = Release|Win32
		{F61CE0F5-56E7-411A-900A-2FD07BECF3C4}.Release|Win32.Build.0 = Release|Win32
		{F61CE0F5-56E7-411A-900A-2FD07BECF3C4}.Release|x64.ActiveCfg = Release|Win32
		{F61CE0F5-56E7-411A-900A-2FD07BECF3C4}.ReleaseEXE|Win32.ActiveCfg = Release|Win32
		{F61CE0F5-56E7-411A-900A-2FD07BECF3C4}.ReleaseEXE|Win32.Build.0 = Release|Win32
		{F61CE0F5-56E7-411A-900A-2FD07BECF3C4}.ReleaseEXE|x64.ActiveCfg = Release|Win32
		{F61CE0F5-56E7-411A-900A-2FD07BECF3C4}.ReleaseEXE|x64.Build.0 = Release|Win32
		{F61CE0F5-56E7-411A-900A-2FD07BECF3C4}.ReleaseGAME|Win32.ActiveCfg = ReleaseGAME|Win32
		{F61CE0F5-56E7-411A-900A-2FD07BECF3C4}.ReleaseGAME|Win32.Build.0 = ReleaseGAME|Win32
		{F61CE0F5-56E7-411A-900A-2FD07BECF3C4}.ReleaseGAME|x64.ActiveCfg = ReleaseGAME|Win32
		{DC3D254B-0B9C-4272-B2DC-D0B06835D3A0}.Debug Build All|Win32.ActiveCfg = Debug|Win32
		{DC3D254B-0B9C-4272-B2DC-D0B06835D3A0}.Debug Build All|Win32.Build.0 = Debug|Win32
		{DC3D254B-0B9C-4272-B2DC-D0B06835D3A0}.Debug Build All|x64.ActiveCfg = Debug|x64
		{DC3D254B-0B9C-4272-B2DC-D0B06835D3A0}.Debug Build All|x64.Build.0 = Debug|x64
		{DC3D254B-0B9C-4272-B2DC-D0B06835D3A0}.Debug Game|Win32.ActiveCfg = Debug|Win32
		{DC3D254B-0B9C-4272-B2DC-D0B06835D3A0}.Debug Game|Win32.Build.0 = Debug|Win32
		{DC3D254B-0B9C-4272-B2DC-D0B06835D3A0}.Debug Game|x64.ActiveCfg = Debug Game|x64
		{DC3D254B-0B9C-4272-B2DC-D0B06835D3A0}.Debug Game|x64.Build.0 = Debug Game|x64
		{DC3D254B-0B9C-4272-B2DC-D0B06835D3A0}.Debug|Win32.ActiveCfg = Debug|Win32
		{DC3D254B-0B9C-4272-B2DC-D0B06835D3A0}.Debug|x64.ActiveCfg = Debug|x64
		{DC3D254B-0B9C-4272-B2DC-D0B06835D3A0}.Debug|x64.Build.0 = Debug|x64
		{DC3D254B-0B9C-4272-B2DC-D0B06835D3A0}.Release|Win32.ActiveCfg = Release|Win32
		{DC3D254B-0B9C-4272-B2DC-D0B06835D3A0}.Release|Win32.Build.0 = Release|Win32
		{DC3D254B-0B9C-4272-B2DC-D0B06835D3A0}.Release|x64.ActiveCfg = Release|x64
		{DC3D254B-0B9C-4272-B2DC-D0B06835D3A0}.Release|x64.Build.0 = Release|x64
		{DC3D254B-0B9C-4272-B2DC-D0B06835D3A0}.ReleaseEXE|Win32.ActiveCfg = Release|Win32
		{DC3D254B-0B9C-4272-B2DC-D0B06835D3A0}.ReleaseEXE|Win32.Build.0 = Release|Win32
		{DC3D254B-0B9C-4272-B2DC-D0B06835D3A0}.ReleaseEXE|x64.ActiveCfg = Release|x64
		{DC3D254B-0B9C-4272-B2DC-D0B06835D3A0}.ReleaseEXE|x64.Build.0 = Release|x64
		{DC3D254B-0B9C-4272-B2DC-D0B06835D3A0}.ReleaseGAME|Win32.ActiveCfg = ReleaseGAME|Win32
		{DC3D254B-0B9C-4272-B2DC-D0B06835D3A0}.ReleaseGAME|Win32.Build.0 = ReleaseGAME|Win32
		{DC3D254B-0B9C-4272-B2DC-D0B06835D3A0}.ReleaseGAME|x64.ActiveCfg = ReleaseGAME|x64
		{DC3D254B-0B9C-4272-B2DC-D0B06835D3A0}.ReleaseGAME|x64.Build.0 = ReleaseGAME|x64
		{205846E1-5ECC-4E71-81CB-3CB34045ADA2}.Debug Build All|Win32.ActiveCfg = Debug|Win32
		{205846E1-5ECC-4E71-81CB-3CB34045ADA2}.Debug Build All|Win32.Build.0 = Debug|Win32
		{205846E1-5ECC-4E71-81CB-3CB34045ADA2}.Debug Build All|x64.ActiveCfg = Release|Win32
		{205846E1-5ECC-4E71-81CB-3CB34045ADA2}.Debug Build All|x64.Build.0 = Release|Win32
		{205846E1-5ECC-4E71-81CB-3CB34045ADA2}.Debug Game|Win32.ActiveCfg = Debug|Win32
		{205846E1-5ECC-4E71-81CB-3CB34045ADA2}.Debug Game|Win32.Build.0 = Debug|Win32
		{205846E1-5ECC-4E71-81CB-3CB34045ADA2}.Debug Game|x64.ActiveCfg = Debug Game|Win32
		{205846E1-5ECC-4E71-81CB-3CB34045ADA2}.Debug|Win32.ActiveCfg = Debug|Win32
		{205846E1-5ECC-4E71-81CB-3CB34045ADA2}.Debug|x64.ActiveCfg = Debug|Win32
		{205846E1-5ECC-4E71-81CB-3CB34045ADA2}.Release|Win32.ActiveCfg = Release|Win32
		{205846E1-5ECC-4E71-81CB-3CB34045ADA2}.Release|Win32.Build.0 = Release|Win32
		{205846E1-5ECC-4E71-81CB-3CB34045ADA2}.Release|x64.ActiveCfg = Release|Win32
		{205846E1-5ECC-4E71-81CB-3CB34045ADA2}.ReleaseEXE|Win32.ActiveCfg = Release|Win32
		{205846E1-5ECC-4E71-81CB-3CB34045ADA2}.ReleaseEXE|Win32.Build.0 = Release|Win32
		{205846E1-5ECC-4E71-81CB-3CB34045ADA2}.ReleaseEXE|x64.ActiveCfg = Release|Win32
		{205846E1-5ECC-4E71-81CB-3CB34045ADA2}.ReleaseEXE|x64.Build.0 = Release|Win32
		{205846E1-5ECC-4E71-81CB-3CB34045ADA2}.ReleaseGAME|Win32.ActiveCfg = ReleaseGAME|Win32
		{205846E1-5ECC-4E71-81CB-3CB34045ADA2}.ReleaseGAME|Win32.Build.0 = ReleaseGAME|Win32
		{205846E1-5ECC-4E71-81CB-3CB34045ADA2}.ReleaseGAME|x64.ActiveCfg = ReleaseGAME|Win32
		{526FC1E7-C827-4701-8810-6DAEA738E0C4}.Debug Build All|Win32.ActiveCfg = Debug|Win32
		{526FC1E7-C827-4701-8810-6DAEA738E0C4}.Debug Build All|Win32.Build.0 = Debug|Win32
		{526FC1E7-C827-4701-8810-6DAEA738E0C4}.Debug Build All|x64.ActiveCfg = Release|Win32
		{526FC1E7-C827-4701-8810-6DAEA738E0C4}.Debug Build All|x64.Build.0 = Release|Win32
		{526FC1E7-C827-4701-8810-6DAEA738E0C4}.Debug Game|Win32.ActiveCfg = Debug|Win32
		{526FC1E7-C827-4701-8810-6DAEA738E0C4}.Debug Game|Win32.Build.0 = Debug|Win32
		{526FC1E7-C827-4701-8810-6DAEA738E0C4}.Debug Game|x64.ActiveCfg = Debug Game|Win32
		{526FC1E7-C827-4701-8810-6DAEA738E0C4}.Debug|Win32.ActiveCfg = Debug|Win32
		{526FC1E7-C827-4701-8810-6DAEA738E0C4}.Debug|x64.ActiveCfg = Debug|Win32
		{526FC1E7-C827-4701-8810-6DAEA738E0C4}.Release|Win32.ActiveCfg = Release|Win32
		{526FC1E7-C827-4701-8810-6DAEA738E0C4}.Release|Win32.Build.0 = Release|Win32
		{526FC1E7-C827-4701-8810-6DAEA738E0C4}.Release|x64.ActiveCfg = Release|Win32
		{526FC1E7-C827-4701-8810-6DAEA738E0C4}.ReleaseEXE|Win32.ActiveCfg = Release|Win32
		{526FC1E7-C827-4701-8810-6DAEA738E0C4}.ReleaseEXE|Win32.Build.0 = Release|Win32
		{526FC1E7-C827-4701-8810-6DAEA738E0C4}.ReleaseEXE|x64.ActiveCfg = Release|Win32
		{526FC1E7-C827-4701-8810-6DAEA738E0C4}.ReleaseEXE|x64.Build.0 = Release|Win32
		{526FC1E7-C827-4701-8810-6DAEA738E0C4}.ReleaseGAME|Win32.ActiveCfg = ReleaseGAME|Win32
		{526FC1E7-C827-4701-8810-6DAEA738E0C4}.ReleaseGAME|Win32.Build.0 = ReleaseGAME|Win32
		{526FC1E7-C827-4701-8810-6DAEA738E0C4}.ReleaseGAME|x64.ActiveCfg = ReleaseGAME|Win32
		{4A27C896-E37C-4317-87B4-6229F5F38DC2}.Debug Build All|Win32.ActiveCfg = Debug|Win32
		{4A27C896-E37C-4317-87B4-6229F5F38DC2}.Debug Build All|Win32.Build.0 = Debug|Win32
		{4A27C896-E37C-4317-87B4-6229F5F38DC2}.Debug Build All|x64.ActiveCfg = Release|Win32
		{4A27C896-E37C-4317-87B4-6229F5F38DC2}.Debug Build All|x64.Build.0 = Release|Win32
		{4A27C896-E37C-4317-87B4-6229F5F38DC2}.Debug Game|Win32.ActiveCfg = Debug|Win32
		{4A27C896-E37C-4317-87B4-6229F5F38DC2}.Debug Game|Win32.Build.0 = Debug|Win32
		{4A27C896-E37C-4317-87B4-6229F5F38DC2}.Debug Game|x64.ActiveCfg = Debug Game|Win32
		{4A27C896-E37C-4317-87B4-6229F5F38DC2}.Debug|Win32.ActiveCfg = Debug|Win32
		{4A27C896-E37C-4317-87B4-6229F5F38DC2}.Debug|x64.ActiveCfg = Debug|Win32
		{4A27C896-E37C-4317-87B4-6229F5F38DC2}.Release|Win32.ActiveCfg = Release|Win32
		{4A27C896-E37C-4317-87B4-6229F5F38DC2}.Release|Win32.Build.0 = Release|Win32
		{4A27C896-E37C-4317-87B4-6229F5F38DC2}.Release|x64.ActiveCfg = Release|Win32
		{4A27C896-E37C-4317-87B4-6229F5F38DC2}.ReleaseEXE|Win32.ActiveCfg = Release|Win32
		{4A27C896-E37C-4317-87B4-6229F5F38DC2}.ReleaseEXE|Win32.Build.0 = Release|Win32
		{4A27C896-E37C-4317-87B4-6229F5F38DC2}.ReleaseEXE|x64.ActiveCfg = Release|Win32
		{4A27C896-E37C-4317-87B4-6229F5F38DC2}.ReleaseEXE|x64.Build.0 = Release|Win32
		{4A27C896-E37C-4317-87B4-6229F5F38DC2}.ReleaseGAME|Win32.ActiveCfg = ReleaseGAME|Win32
		{4A27C896-E37C-4317-87B4-6229F5F38DC2}.ReleaseGAME|Win32.Build.0 = ReleaseGAME|Win32
		{4A27C896-E37C-4317-87B4-6229F5F38DC2}.ReleaseGAME|x64.ActiveCfg = ReleaseGAME|Win32
		{E6C0DB75-910C-4085-B029-33D8503487A7}.Debug Build All|Win32.ActiveCfg = Debug|Win32
		{E6C0DB75-910C-4085-B029-33D8503487A7}.Debug Build All|Win32.Build.0 = Debug|Win32
		{E6C0DB75-910C-4085-B029-33D8503487A7}.Debug Build All|x64.ActiveCfg = Release|Win32
		{E6C0DB75-910C-4085-B029-33D8503487A7}.Debug Build All|x64.Build.0 = Release|Win32
		{E6C0DB75-910C-4085-B029-33D8503487A7}.Debug Game|Win32.ActiveCfg = Debug|Win32
		{E6C0DB75-910C-4085-B029-33D8503487A7}.Debug Game|Win32.Build.0 = Debug|Win32
		{E6C0DB75-910C-4085-B029-33D8503487A7}.Debug Game|x64.ActiveCfg = Debug Game|Win32
		{E6C0DB75-910C-4085-B029-33D8503487A7}.Debug|Win32.ActiveCfg = Debug|Win32
		{E6C0DB75-910C-4085-B029-33D8503487A7}.Debug|x64.ActiveCfg = Debug|Win32
		{E6C0DB75-910C-4085-B029-33D8503487A7}.Release|Win32.ActiveCfg = Release|Win32
		{E6C0DB75-910C-4085-B029-33D8503487A7}.Release|Win32.Build.0 = Release|Win32
		{E6C0DB75-910C-4085-B029-33D8503487A7}.Release|x64.ActiveCfg = Release|Win32
		{E6C0DB75-910C-4085-B029-33D8503487A7}.ReleaseEXE|Win32.ActiveCfg = Release|Win32
		{E6C0DB75-910C-4085-B029-33D8503487A7}.ReleaseEXE|Win32.Build.0 = Release|Win32
		{E6C0DB75-910C-4085-B029-33D8503487A7}.ReleaseEXE|x64.ActiveCfg = Release|Win32
		{E6C0DB75-910C-4085-B029-33D8503487A7}.ReleaseEXE|x64.Build.0 = Release|Win32
		{E6C0DB75-910C-4085-B029-33D8503487A7}.ReleaseGAME|Win32.ActiveCfg = ReleaseGAME|Win32
		{E6C0DB75-910C-4085-B029-33D8503487A7}.ReleaseGAME|Win32.Build.0 = ReleaseGAME|Win32
		{E6C0DB75-910C-4085-B029-33D8503487A7}.ReleaseGAME|x64.ActiveCfg = ReleaseGAME|Win32
		{C5451FF8-7264-4300-9F2D-325FE8301E51}.Debug Build All|Win32.ActiveCfg = Debug|Win32
		{C5451FF8-7264-4300-9F2D-325FE8301E51}.Debug Build All|Win32.Build.0 = Debug|Win32
		{C5451FF8-7264-4300-9F2D-325FE8301E51}.Debug Build All|x64.ActiveCfg = Release|Win32
		{C5451FF8-7264-4300-9F2D-325FE8301E51}.Debug Build All|x64.Build.0 = Release|Win32
		{C5451FF8-7264-4300-9F2D-325FE8301E51}.Debug Game|Win32.ActiveCfg = Debug|Win32
		{C5451FF8-7264-4300-9F2D-325FE8301E51}.Debug Game|Win32.Build.0 = Debug|Win32
		{C5451FF8-7264-4300-9F2D-325FE8301E51}.Debug Game|x64.ActiveCfg = Debug Game|Win32
		{C5451FF8-7264-4300-9F2D-325FE8301E51}.Debug|Win32.ActiveCfg = Debug|Win32
		{C5451FF8-7264-4300-9F2D-325FE8301E51}.Debug|x64.ActiveCfg = Debug|Win32
		{C5451FF8-7264-4300-9F2D-325FE8301E51}.Release|Win32.ActiveCfg = Release|Win32
		{C5451FF8-7264-4300-9F2D-325FE8301E51}.Release|Win32.Build.0 = Release|Win32
		{C5451FF8-7264-4300-9F2D-325FE8301E51}.Release|x64.ActiveCfg = Release|Win32
		{C5451FF8-7264-4300-9F2D-325FE8301E51}.ReleaseEXE|Win32.ActiveCfg = Release|Win32
		{C5451FF8-7264-4300-9F2D-325FE8301E51}.ReleaseEXE|Win32.Build.0 = Release|Win32
		{C5451FF8-7264-4300-9F2D-325FE8301E51}.ReleaseEXE|x64.ActiveCfg = Release|Win32
		{C5451FF8-7264-4300-9F2D-325FE8301E51}.ReleaseEXE|x64.Build.0 = Release|Win32
		{C5451FF8-7264-4300-9F2D-325FE8301E51}.ReleaseGAME|Win32.ActiveCfg = ReleaseGAME|Win32
		{C5451FF8-7264-4300-9F2D-325FE8301E51}.ReleaseGAME|Win32.Build.0 = ReleaseGAME|Win32
		{C5451FF8-7264-4300-9F2D-325FE8301E51}.ReleaseGAME|x64.ActiveCfg = ReleaseGAME|Win32
		{0CEC8E92-9523-4E59-A9AD-E9CB4DF8D6E9}.Debug Build All|Win32.ActiveCfg = Debug|Win32
		{0CEC8E92-9523-4E59-A9AD-E9CB4DF8D6E9}.Debug Build All|Win32.Build.0 = Debug|Win32
		{0CEC8E92-9523-4E59-A9AD-E9CB4DF8D6E9}.Debug Build All|x64.ActiveCfg = Release|Win32
		{0CEC8E92-9523-4E59-A9AD-E9CB4DF8D6E9}.Debug Build All|x64.Build.0 = Release|Win32
		{0CEC8E92-9523-4E59-A9AD-E9CB4DF8D6E9}.Debug Game|Win32.ActiveCfg = Debug|Win32
		{0CEC8E92-9523-4E59-A9AD-E9CB4DF8D6E9}.Debug Game|Win32.Build.0 = Debug|Win32
		{0CEC8E92-9523-4E59-A9AD-E9CB4DF8D6E9}.Debug Game|x64.ActiveCfg = Debug Game|Win32
		{0CEC8E92-9523-4E59-A9AD-E9CB4DF8D6E9}.Debug|Win32.ActiveCfg = Debug|Win32
		{0CEC8E92-9523-4E59-A9AD-E9CB4DF8D6E9}.Debug|x64.ActiveCfg = Debug|Win32
		{0CEC8E92-9523-4E59-A9AD-E9CB4DF8D6E9}.Release|Win32.ActiveCfg = Release|Win32
		{0CEC8E92-9523-4E59-A9AD-E9CB4DF8D6E9}.Release|Win32.Build.0 = Release|Win32
		{0CEC8E92-9523-4E59-A9AD-E9CB4DF8D6E9}.Release|x64.ActiveCfg = Release|Win32
		{0CEC8E92-9523-4E59-A9AD-E9CB4DF8D6E9}.ReleaseEXE|Win32.ActiveCfg = Release|Win32
		{0CEC8E92-9523-4E59-A9AD-E9CB4DF8D6E9}.ReleaseEXE|Win32.Build.0 = Release|Win32
		{0CEC8E92-9523-4E59-A9AD-E9CB4DF8D6E9}.ReleaseEXE|x64.ActiveCfg = Release|Win32
		{0CEC8E92-9523-4E59-A9AD-E9CB4DF8D6E9}.ReleaseEXE|x64.Build.0 = Release|Win32
		{0CEC8E92-9523-4E59-A9AD-E9CB4DF8D6E9}.ReleaseGAME|Win32.ActiveCfg = ReleaseGAME|Win32
		{0CEC8E92-9523-4E59-A9AD-E9CB4DF8D6E9}.ReleaseGAME|Win32.Build.0 = ReleaseGAME|Win32
		{0CEC8E92-9523-4E59-A9AD-E9CB4DF8D6E9}.ReleaseGAME|x64.ActiveCfg = ReleaseGAME|Win32
		{8C00A1AC-3F37-494E-A463-E48F82075792}.Debug Build All|Win32.ActiveCfg = Debug|Win32
		{8C00A1AC-3F37-494E-A463-E48F82075792}.Debug Build All|Win32.Build.0 = Debug|Win32
		{8C00A1AC-3F37-494E-A463-E48F82075792}.Debug Build All|x64.ActiveCfg = Release|Win32
		{8C00A1AC-3F37-494E-A463-E48F82075792}.Debug Build All|x64.Build.0 = Release|Win32
		{8C00A1AC-3F37-494E-A463-E48F82075792}.Debug Game|Win32.ActiveCfg = Debug|Win32
		{8C00A1AC-3F37-494E-A463-E48F82075792}.Debug Game|Win32.Build.0 = Debug|Win32
		{8C00A1AC-3F37-494E-A463-E48F82075792}.Debug Game|x64.ActiveCfg = Debug Game|Win32
		{8C00A1AC-3F37-494E-A463-E48F82075792}.Debug|Win32.ActiveCfg = Debug|Win32
		{8C00A1AC-3F37-494E-A463-E48F82075792}.Debug|x64.ActiveCfg = Debug|Win32
		{8C00A1AC-3F37-494E-A463-E48F82075792}.Release|Win32.ActiveCfg = Release|Win32
		{8C00A1AC-3F37-494E-A463-E48F82075792}.Release|Win32.Build.0 = Release|Win32
		{8C00A1AC-3F37-494E-A463-E48F82075792}.Release|x64.ActiveCfg = Release|Win32
		{8C00A1AC-3F37-494E-A463-E48F82075792}.ReleaseEXE|Win32.ActiveCfg = Release|Win32
		{8C00A1AC-3F37-494E-A463-E48F82075792}.ReleaseEXE|Win32.Build.0 = Release|Win32
		{8C00A1AC-3F37-494E-A463-E48F82075792}.ReleaseEXE|x64.ActiveCfg = Release|Win32
		{8C00A1AC-3F37-494E-A463-E48F82075792}.ReleaseEXE|x64.Build.0 = Release|Win32
		{8C00A1AC-3F37-494E-A463-E48F82075792}.ReleaseGAME|Win32.ActiveCfg = ReleaseGAME|Win32
		{8C00A1AC-3F37-494E-A463-E48F82075792}.ReleaseGAME|Win32.Build.0 = ReleaseGAME|Win32
		{8C00A1AC-3F37-494E-A463-E48F82075792}.ReleaseGAME|x64.ActiveCfg = ReleaseGAME|Win32
		{759C0609-B350-4FC4-8925-E9443484C2A9}.Debug Build All|Win32.ActiveCfg = Debug|Win32
		{759C0609-B350-4FC4-8925-E9443484C2A9}.Debug Build All|Win32.Build.0 = Debug|Win32
		{759C0609-B350-4FC4-8925-E9443484C2A9}.Debug Build All|x64.ActiveCfg = Release|Win32
		{759C0609-B350-4FC4-8925-E9443484C2A9}.Debug Build All|x64.Build.0 = Release|Win32
		{759C0609-B350-4FC4-8925-E9443484C2A9}.Debug Game|Win32.ActiveCfg = Debug Game|Win32
		{759C0609-B350-4FC4-8925-E9443484C2A9}.Debug Game|Win32.Build.0 = Debug Game|Win32
		{759C0609-B350-4FC4-8925-E9443484C2A9}.Debug Game|x64.ActiveCfg = Debug Game|Win32
		{759C0609-B350-4FC4-8925-E9443484C2A9}.Debug|Win32.ActiveCfg = Debug|Win32
		{759C0609-B350-4FC4-8925-E9443484C2A9}.Debug|Win32.Build.0 = Debug|Win32
		{759C0609-B350-4FC4-8925-E9443484C2A9}.Debug|x64.ActiveCfg = Debug|Win32
		{759C0609-B350-4FC4-8925-E9443484C2A9}.Release|Win32.ActiveCfg = Release|Win32
		{759C0609-B350-4FC4-8925-E9443484C2A9}.Release|Win32.Build.0 = Release|Win32
		{759C0609-B350-4FC4-8925-E9443484C2A9}.Release|x64.ActiveCfg = Release|Win32
		{759C0609-B350-4FC4-8925-E9443484C2A9}.ReleaseEXE|Win32.ActiveCfg = Release|Win32
		{759C0609-B350-4FC4-8925-E9443484C2A9}.ReleaseEXE|Win32.Build.0 = Release|Win32
		{759C0609-B350-4FC4-8925-E9443484C2A9}.ReleaseEXE|x64.ActiveCfg = Release|Win32
		{759C0609-B350-4FC4-8925-E9443484C2A9}.ReleaseEXE|x64.Build.0 = Release|Win32
		{759C0609-B350-4FC4-8925-E9443484C2A9}.ReleaseGAME|Win32.ActiveCfg = ReleaseGAME|Win32
		{759C0609-B350-4FC4-8925-E9443484C2A9}.ReleaseGAME|Win32.Build.0 = ReleaseGAME|Win32
		{759C0609-B350-4FC4-8925-E9443484C2A9}.ReleaseGAME|x64.ActiveCfg = ReleaseGAME|Win32
		{799101E2-52F4-41AF-A47D-307D1FD8C9C8}.Debug Build All|Win32.ActiveCfg = Debug|Win32
		{799101E2-52F4-41AF-A47D-307D1FD8C9C8}.Debug Build All|Win32.Build.0 = Debug|Win32
		{799101E2-52F4-41AF-A47D-307D1FD8C9C8}.Debug Build All|x64.ActiveCfg = Release|Win32
		{799101E2-52F4-41AF-A47D-307D1FD8C9C8}.Debug Build All|x64.Build.0 = Release|Win32
		{799101E2-52F4-41AF-A47D-307D1FD8C9C8}.Debug Game|Win32.ActiveCfg = Debug|Win32
		{799101E2-52F4-41AF-A47D-307D1FD8C9C8}.Debug Game|Win32.Build.0 = Debug|Win32
		{799101E2-52F4-41AF-A47D-307D1FD8C9C8}.Debug Game|x64.ActiveCfg = Release|Win32
		{799101E2-52F4-41AF-A47D-307D1FD8C9C8}.Debug Game|x64.Build.0 = Release|Win32
		{799101E2-52F4-41AF-A47D-307D1FD8C9C8}.Debug|Win32.ActiveCfg = Debug|Win32
		{799101E2-52F4-41AF-A47D-307D1FD8C9C8}.Debug|Win32.Build.0 = Debug|Win32
		{799101E2-52F4-41AF-A47D-307D1FD8C9C8}.Debug|x64.ActiveCfg = Debug|Win32
		{799101E2-52F4-41AF-A47D-307D1FD8C9C8}.Release|Win32.ActiveCfg = Release|Win32
		{799101E2-52F4-41AF-A47D-307D1FD8C9C8}.Release|Win32.Build.0 = Release|Win32
		{799101E2-52F4-41AF-A47D-307D1FD8C9C8}.Release|x64.ActiveCfg = Release|Win32
		{799101E2-52F4-41AF-A47D-307D1FD8C9C8}.ReleaseEXE|Win32.ActiveCfg = Release|Win32
		{799101E2-52F4-41AF-A47D-307D1FD8C9C8}.ReleaseEXE|Win32.Build.0 = Release|Win32
		{799101E2-52F4-41AF-A47D-307D1FD8C9C8}.ReleaseEXE|x64.ActiveCfg = Release|Win32
		{799101E2-52F4-41AF-A47D-307D1FD8C9C8}.ReleaseEXE|x64.Build.0 = Release|Win32
		{799101E2-52F4-41AF-A47D-307D1FD8C9C8}.ReleaseGAME|Win32.ActiveCfg = ReleaseGAME|Win32
		{799101E2-52F4-41AF-A47D-307D1FD8C9C8}.ReleaseGAME|Win32.Build.0 = ReleaseGAME|Win32
		{799101E2-52F4-41AF-A47D-307D1FD8C9C8}.ReleaseGAME|x64.ActiveCfg = ReleaseGAME|Win32
		{C9E8428F-34C1-4FF9-B8F4-7FFC87A68EA4}.Debug Build All|Win32.ActiveCfg = Debug|Win32
		{C9E8428F-34C1-4FF9-B8F4-7FFC87A68EA4}.Debug Build All|Win32.Build.0 = Debug|Win32
		{C9E8428F-34C1-4FF9-B8F4-7FFC87A68EA4}.Debug Build All|x64.ActiveCfg = Release|Win32
		{C9E8428F-34C1-4FF9-B8F4-7FFC87A68EA4}.Debug Build All|x64.Build.0 = Release|Win32
		{C9E8428F-34C1-4FF9-B8F4-7FFC87A68EA4}.Debug Game|Win32.ActiveCfg = Debug|Win32
		{C9E8428F-34C1-4FF9-B8F4-7FFC87A68EA4}.Debug Game|Win32.Build.0 = Debug|Win32
		{C9E8428F-34C1-4FF9-B8F4-7FFC87A68EA4}.Debug Game|x64.ActiveCfg = Release|Win32
		{C9E8428F-34C1-4FF9-B8F4-7FFC87A68EA4}.Debug Game|x64.Build.0 = Release|Win32
		{C9E8428F-34C1-4FF9-B8F4-7FFC87A68EA4}.Debug|Win32.ActiveCfg = Debug|Win32
		{C9E8428F-34C1-4FF9-B8F4-7FFC87A68EA4}.Debug|Win32.Build.0 = Debug|Win32
		{C9E8428F-34C1-4FF9-B8F4-7FFC87A68EA4}.Debug|x64.ActiveCfg = Debug|Win32
		{C9E8428F-34C1-4FF9-B8F4-7FFC87A68EA4}.Release|Win32.ActiveCfg = Release|Win32
		{C9E8428F-34C1-4FF9-B8F4-7FFC87A68EA4}.Release|Win32.Build.0 = Release|Win32
		{C9E8428F-34C1-4FF9-B8F4-7FFC87A68EA4}.Release|x64.ActiveCfg = Release|Win32
		{C9E8428F-34C1-4FF9-B8F4-7FFC87A68EA4}.ReleaseEXE|Win32.ActiveCfg = Release|Win32
		{C9E8428F-34C1-4FF9-B8F4-7FFC87A68EA4}.ReleaseEXE|Win32.Build.0 = Release|Win32
		{C9E8428F-34C1-4FF9-B8F4-7FFC87A68EA4}.ReleaseEXE|x64.ActiveCfg = Release|Win32
		{C9E8428F-34C1-4FF9-B8F4-7FFC87A68EA4}.ReleaseEXE|x64.Build.0 = Release|Win32
		{C9E8428F-34C1-4FF9-B8F4-7FFC87A68EA4}.ReleaseGAME|Win32.ActiveCfg = ReleaseGAME|Win32
		{C9E8428F-34C1-4FF9-B8F4-7FFC87A68EA4}.ReleaseGAME|Win32.Build.0 = ReleaseGAME|Win32
		{C9E8428F-34C1-4FF9-B8F4-7FFC87A68EA4}.ReleaseGAME|x64.ActiveCfg = ReleaseGAME|Win32
	EndGlobalSection
	GlobalSection(SolutionProperties) = preSolution
		HideSolutionNode = FALSE
	EndGlobalSection
	GlobalSection(ExtensibilityGlobals) = postSolution
		SolutionGuid = {6A9F51F3-ECAE-463C-A7CD-9615D68F8BFF}
	EndGlobalSection
EndGlobal
