
Microsoft Visual Studio Solution File, Format Version 10.00
# Visual Studio 2008
Project("{FAE04EC0-301F-11D3-BF4B-00C04F79EFBC}") = "SkinningSampleXbox", "SkinningSample\SkinningSampleXbox.csproj", "{A355AE7E-10DA-4610-8E4E-51911BB216EA}"
EndProject
Project("{FAE04EC0-301F-11D3-BF4B-00C04F79EFBC}") = "SkinnedModelXbox", "SkinnedModel\SkinnedModelXbox.csproj", "{4208D19B-62D9-48A1-B703-BCAC241A56BD}"
EndProject
Project("{FAE04EC0-301F-11D3-BF4B-00C04F79EFBC}") = "SkinnedModelPipeline", "SkinnedModelPipeline\SkinnedModelPipeline.csproj", "{007DFB20-8DAF-4088-BB0A-C5EB0282E679}"
EndProject
Project("{FAE04EC0-301F-11D3-BF4B-00C04F79EFBC}") = "SkinnedModelWindows", "SkinnedModel\SkinnedModelWindows.csproj", "{0D41E29B-829F-4255-BCA5-64DC2677DA6D}"
EndProject
Global
	GlobalSection(SolutionConfigurationPlatforms) = preSolution
		Debug|Xbox 360 = Debug|Xbox 360
		Release|Xbox 360 = Release|Xbox 360
	EndGlobalSection
	GlobalSection(ProjectConfigurationPlatforms) = postSolution
		{A355AE7E-10DA-4610-8E4E-51911BB216EA}.Debug|Xbox 360.ActiveCfg = Debug|Xbox 360
		{A355AE7E-10DA-4610-8E4E-51911BB216EA}.Debug|Xbox 360.Build.0 = Debug|Xbox 360
		{A355AE7E-10DA-4610-8E4E-51911BB216EA}.Debug|Xbox 360.Deploy.0 = Debug|Xbox 360
		{A355AE7E-10DA-4610-8E4E-51911BB216EA}.Release|Xbox 360.ActiveCfg = Release|Xbox 360
		{A355AE7E-10DA-4610-8E4E-51911BB216EA}.Release|Xbox 360.Build.0 = Release|Xbox 360
		{A355AE7E-10DA-4610-8E4E-51911BB216EA}.Release|Xbox 360.Deploy.0 = Release|Xbox 360
		{4208D19B-62D9-48A1-B703-BCAC241A56BD}.Debug|Xbox 360.ActiveCfg = Debug|Xbox 360
		{4208D19B-62D9-48A1-B703-BCAC241A56BD}.Debug|Xbox 360.Build.0 = Debug|Xbox 360
		{4208D19B-62D9-48A1-B703-BCAC241A56BD}.Release|Xbox 360.ActiveCfg = Release|Xbox 360
		{4208D19B-62D9-48A1-B703-BCAC241A56BD}.Release|Xbox 360.Build.0 = Release|Xbox 360
		{007DFB20-8DAF-4088-BB0A-C5EB0282E679}.Debug|Xbox 360.ActiveCfg = Debug|x86
		{007DFB20-8DAF-4088-BB0A-C5EB0282E679}.Debug|Xbox 360.Build.0 = Debug|x86
		{007DFB20-8DAF-4088-BB0A-C5EB0282E679}.Release|Xbox 360.ActiveCfg = Release|Xbox 360
		{007DFB20-8DAF-4088-BB0A-C5EB0282E679}.Release|Xbox 360.Build.0 = Release|Xbox 360
		{0D41E29B-829F-4255-BCA5-64DC2677DA6D}.Debug|Xbox 360.ActiveCfg = Debug|x86
		{0D41E29B-829F-4255-BCA5-64DC2677DA6D}.Debug|Xbox 360.Build.0 = Debug|x86
		{0D41E29B-829F-4255-BCA5-64DC2677DA6D}.Release|Xbox 360.ActiveCfg = Release|x86
		{0D41E29B-829F-4255-BCA5-64DC2677DA6D}.Release|Xbox 360.Build.0 = Release|x86
	EndGlobalSection
	GlobalSection(SolutionProperties) = preSolution
		HideSolutionNode = FALSE
	EndGlobalSection
EndGlobal
