Microsoft Visual Studio Solution File, Format Version 8.00
Project("{8BC9CEB8-8B4A-11D0-8D11-00A0C91BC942}") = "Basic2D", "Basic2D.vcproj", "{50E27947-2EEA-48E0-B638-4A5A025B6020}"
	ProjectSection(ProjectDependencies) = postProject
	EndProjectSection
EndProject
Global
	GlobalSection(SourceCodeControl) = preSolution
		SccNumberOfProjects = 1
		SccProjectUniqueName0 = Basic2D.vcproj
		SccProjectName0 = \u0022$/Dark\u0020Basic\u0020Pro\u0020Shared/Dark\u0020Basic\u0020Pro\u0020SDK/DarkSDK/Basic2D\u0022,\u0020NCSAAAAA
		SccLocalPath0 = .
		SccProvider0 = MSSCCI:Microsoft\u0020Visual\u0020SourceSafe
		CanCheckoutShared = false
	EndGlobalSection
	GlobalSection(SolutionConfiguration) = preSolution
		Debug = Debug
		Release = Release
	EndGlobalSection
	GlobalSection(ProjectConfiguration) = postSolution
		{50E27947-2EEA-48E0-B638-4A5A025B6020}.Debug.ActiveCfg = Debug|Win32
		{50E27947-2EEA-48E0-B638-4A5A025B6020}.Debug.Build.0 = Debug|Win32
		{50E27947-2EEA-48E0-B638-4A5A025B6020}.Release.ActiveCfg = Debug|Win32
		{50E27947-2EEA-48E0-B638-4A5A025B6020}.Release.Build.0 = Debug|Win32
	EndGlobalSection
	GlobalSection(ExtensibilityGlobals) = postSolution
	EndGlobalSection
	GlobalSection(ExtensibilityAddIns) = postSolution
	EndGlobalSection
EndGlobal
