<?xml version="1.0" encoding="utf-8"?>
<Project ToolsVersion="4.0" xmlns="http://schemas.microsoft.com/developer/msbuild/2003">
  <ItemGroup>
    <Filter Include="Source Files">
      <UniqueIdentifier>{4FC737F1-C7A5-4376-A066-2A32D752A2FF}</UniqueIdentifier>
      <Extensions>cpp;c;cc;cxx;def;odl;idl;hpj;bat;asm;asmx</Extensions>
    </Filter>
    <Filter Include="Header Files">
      <UniqueIdentifier>{93995380-89BD-4b04-88EB-625FBE52EBFB}</UniqueIdentifier>
      <Extensions>h;hpp;hxx;hm;inl;inc;xsd</Extensions>
    </Filter>
    <Filter Include="Resource Files">
      <UniqueIdentifier>{67DA6AB6-F800-4c08-8B7A-83BB121AAD01}</UniqueIdentifier>
      <Extensions>rc;ico;cur;bmp;dlg;rc2;rct;bin;rgs;gif;jpg;jpeg;jpe;resx;tiff;tif;png;wav</Extensions>
    </Filter>
    <Filter Include="LUA">
      <UniqueIdentifier>{ba8fbaf9-02b3-45ef-9f35-2b740e651a25}</UniqueIdentifier>
    </Filter>
  </ItemGroup>
  <ItemGroup>
    <ClCompile Include="DarkLUA.cpp">
      <Filter>Source Files</Filter>
    </ClCompile>
    <ClCompile Include="stdafx.cpp">
      <Filter>Source Files</Filter>
    </ClCompile>
    <ClCompile Include="lua\lapi.c">
      <Filter>LUA</Filter>
    </ClCompile>
    <ClCompile Include="lua\lauxlib.c">
      <Filter>LUA</Filter>
    </ClCompile>
    <ClCompile Include="lua\lbaselib.c">
      <Filter>LUA</Filter>
    </ClCompile>
    <ClCompile Include="lua\lbitlib.c">
      <Filter>LUA</Filter>
    </ClCompile>
    <ClCompile Include="lua\lcode.c">
      <Filter>LUA</Filter>
    </ClCompile>
    <ClCompile Include="lua\lcorolib.c">
      <Filter>LUA</Filter>
    </ClCompile>
    <ClCompile Include="lua\lctype.c">
      <Filter>LUA</Filter>
    </ClCompile>
    <ClCompile Include="lua\ldblib.c">
      <Filter>LUA</Filter>
    </ClCompile>
    <ClCompile Include="lua\ldebug.c">
      <Filter>LUA</Filter>
    </ClCompile>
    <ClCompile Include="lua\ldo.c">
      <Filter>LUA</Filter>
    </ClCompile>
    <ClCompile Include="lua\ldump.c">
      <Filter>LUA</Filter>
    </ClCompile>
    <ClCompile Include="lua\lfunc.c">
      <Filter>LUA</Filter>
    </ClCompile>
    <ClCompile Include="lua\lgc.c">
      <Filter>LUA</Filter>
    </ClCompile>
    <ClCompile Include="lua\linit.c">
      <Filter>LUA</Filter>
    </ClCompile>
    <ClCompile Include="lua\liolib.c">
      <Filter>LUA</Filter>
    </ClCompile>
    <ClCompile Include="lua\llex.c">
      <Filter>LUA</Filter>
    </ClCompile>
    <ClCompile Include="lua\lmathlib.c">
      <Filter>LUA</Filter>
    </ClCompile>
    <ClCompile Include="lua\lmem.c">
      <Filter>LUA</Filter>
    </ClCompile>
    <ClCompile Include="lua\loadlib.c">
      <Filter>LUA</Filter>
    </ClCompile>
    <ClCompile Include="lua\lobject.c">
      <Filter>LUA</Filter>
    </ClCompile>
    <ClCompile Include="lua\lopcodes.c">
      <Filter>LUA</Filter>
    </ClCompile>
    <ClCompile Include="lua\loslib.c">
      <Filter>LUA</Filter>
    </ClCompile>
    <ClCompile Include="lua\lparser.c">
      <Filter>LUA</Filter>
    </ClCompile>
    <ClCompile Include="lua\lstate.c">
      <Filter>LUA</Filter>
    </ClCompile>
    <ClCompile Include="lua\lstring.c">
      <Filter>LUA</Filter>
    </ClCompile>
    <ClCompile Include="lua\lstrlib.c">
      <Filter>LUA</Filter>
    </ClCompile>
    <ClCompile Include="lua\ltable.c">
      <Filter>LUA</Filter>
    </ClCompile>
    <ClCompile Include="lua\ltablib.c">
      <Filter>LUA</Filter>
    </ClCompile>
    <ClCompile Include="lua\ltm.c">
      <Filter>LUA</Filter>
    </ClCompile>
    <ClCompile Include="lua\lua.c">
      <Filter>LUA</Filter>
    </ClCompile>
    <ClCompile Include="lua\luac.c">
      <Filter>LUA</Filter>
    </ClCompile>
    <ClCompile Include="lua\lundump.c">
      <Filter>LUA</Filter>
    </ClCompile>
    <ClCompile Include="lua\lvm.c">
      <Filter>LUA</Filter>
    </ClCompile>
    <ClCompile Include="lua\lzio.c">
      <Filter>LUA</Filter>
    </ClCompile>
  </ItemGroup>
  <ItemGroup>
    <ClInclude Include="resource.h">
      <Filter>Header Files</Filter>
    </ClInclude>
    <ClInclude Include="stdafx.h">
      <Filter>Header Files</Filter>
    </ClInclude>
    <ClInclude Include="targetver.h">
      <Filter>Header Files</Filter>
    </ClInclude>
    <ClInclude Include="lua\lapi.h">
      <Filter>LUA</Filter>
    </ClInclude>
    <ClInclude Include="lua\lauxlib.h">
      <Filter>LUA</Filter>
    </ClInclude>
    <ClInclude Include="lua\lcode.h">
      <Filter>LUA</Filter>
    </ClInclude>
    <ClInclude Include="lua\lctype.h">
      <Filter>LUA</Filter>
    </ClInclude>
    <ClInclude Include="lua\ldebug.h">
      <Filter>LUA</Filter>
    </ClInclude>
    <ClInclude Include="lua\ldo.h">
      <Filter>LUA</Filter>
    </ClInclude>
    <ClInclude Include="lua\lfunc.h">
      <Filter>LUA</Filter>
    </ClInclude>
    <ClInclude Include="lua\lgc.h">
      <Filter>LUA</Filter>
    </ClInclude>
    <ClInclude Include="lua\llex.h">
      <Filter>LUA</Filter>
    </ClInclude>
    <ClInclude Include="lua\llimits.h">
      <Filter>LUA</Filter>
    </ClInclude>
    <ClInclude Include="lua\lmem.h">
      <Filter>LUA</Filter>
    </ClInclude>
    <ClInclude Include="lua\lobject.h">
      <Filter>LUA</Filter>
    </ClInclude>
    <ClInclude Include="lua\lopcodes.h">
      <Filter>LUA</Filter>
    </ClInclude>
    <ClInclude Include="lua\lparser.h">
      <Filter>LUA</Filter>
    </ClInclude>
    <ClInclude Include="lua\lstate.h">
      <Filter>LUA</Filter>
    </ClInclude>
    <ClInclude Include="lua\lstring.h">
      <Filter>LUA</Filter>
    </ClInclude>
    <ClInclude Include="lua\ltable.h">
      <Filter>LUA</Filter>
    </ClInclude>
    <ClInclude Include="lua\ltm.h">
      <Filter>LUA</Filter>
    </ClInclude>
    <ClInclude Include="lua\lua.h">
      <Filter>LUA</Filter>
    </ClInclude>
    <ClInclude Include="lua\lua.hpp">
      <Filter>LUA</Filter>
    </ClInclude>
    <ClInclude Include="lua\luaconf.h">
      <Filter>LUA</Filter>
    </ClInclude>
    <ClInclude Include="lua\lualib.h">
      <Filter>LUA</Filter>
    </ClInclude>
    <ClInclude Include="lua\lundump.h">
      <Filter>LUA</Filter>
    </ClInclude>
    <ClInclude Include="lua\lvm.h">
      <Filter>LUA</Filter>
    </ClInclude>
    <ClInclude Include="lua\lzio.h">
      <Filter>LUA</Filter>
    </ClInclude>
    <ClInclude Include="..\..\..\..\Include\DarkLUA.h">
      <Filter>Header Files</Filter>
    </ClInclude>
  </ItemGroup>
  <ItemGroup>
    <ResourceCompile Include="DarkLUA.rc">
      <Filter>Resource Files</Filter>
    </ResourceCompile>
  </ItemGroup>
  <ItemGroup>
    <None Include="lua\Makefile">
      <Filter>LUA</Filter>
    </None>
  </ItemGroup>
  <ItemGroup>
    <Text Include="ReadMe.txt" />
  </ItemGroup>
</Project>