<?xml version="1.0" encoding="utf-8"?>
<Project ToolsVersion="4.0" xmlns="http://schemas.microsoft.com/developer/msbuild/2003">
  <ItemGroup>
    <Filter Include="Source Files">
      <UniqueIdentifier>{020523f8-f386-4752-8692-13751b8d1024}</UniqueIdentifier>
      <Extensions>cpp;c;cxx;rc;def;r;odl;idl;hpj;bat</Extensions>
    </Filter>
    <Filter Include="Header Files">
      <UniqueIdentifier>{6fee32b5-b16c-42e8-9bb3-6a7aa132ea6c}</UniqueIdentifier>
      <Extensions>h;hpp;hxx;hm;inl</Extensions>
    </Filter>
    <Filter Include="Resource Files">
      <UniqueIdentifier>{63f52801-e49a-4d1d-900b-30ce47d5d6e0}</UniqueIdentifier>
      <Extensions>ico;cur;bmp;dlg;rc2;rct;bin;rgs;gif;jpg;jpeg;jpe</Extensions>
    </Filter>
    <Filter Include="GameGuruEngine">
      <UniqueIdentifier>{66a63be7-d75f-4ac4-913b-0a3cd255c890}</UniqueIdentifier>
    </Filter>
    <Filter Include="GameGuruEngine\MapEditor">
      <UniqueIdentifier>{edc26ec9-6bc3-4d15-ae39-72ccf03ecf6f}</UniqueIdentifier>
    </Filter>
  </ItemGroup>
  <ItemGroup>
    <ClCompile Include="DarkEXE.cpp">
      <Filter>Source Files</Filter>
    </ClCompile>
    <ClCompile Include="FileReader.cpp">
      <Filter>Source Files</Filter>
    </ClCompile>
    <ClCompile Include="Encryptor.cpp">
      <Filter>Source Files</Filter>
    </ClCompile>
    <ClCompile Include="EXEBlock.cpp">
      <Filter>Source Files</Filter>
    </ClCompile>
    <ClCompile Include="DarkErrors.cpp">
      <Filter>Source Files</Filter>
    </ClCompile>
    <ClCompile Include="GameGuruMain.cpp">
      <Filter>GameGuruEngine</Filter>
    </ClCompile>
    <ClCompile Include="..\GameGuru\Source\G-Lighting.cpp">
      <Filter>GameGuruEngine\MapEditor</Filter>
    </ClCompile>
    <ClCompile Include="..\GameGuru\Source\MapEditor.cpp">
      <Filter>GameGuruEngine\MapEditor</Filter>
    </ClCompile>
    <ClCompile Include="..\GameGuru\Source\M-AudioVolume.cpp">
      <Filter>GameGuruEngine\MapEditor</Filter>
    </ClCompile>
    <ClCompile Include="..\GameGuru\Source\M-CharacterKit.cpp">
      <Filter>GameGuruEngine\MapEditor</Filter>
    </ClCompile>
    <ClCompile Include="..\GameGuru\Source\M-CharacterSound.cpp">
      <Filter>GameGuruEngine\MapEditor</Filter>
    </ClCompile>
    <ClCompile Include="..\GameGuru\Source\M-ConstructionKit.cpp">
      <Filter>GameGuruEngine\MapEditor</Filter>
    </ClCompile>
    <ClCompile Include="..\GameGuru\Source\M-ConstructionKitEdit.cpp">
      <Filter>GameGuruEngine\MapEditor</Filter>
    </ClCompile>
    <ClCompile Include="..\GameGuru\Source\M-DAI.cpp">
      <Filter>GameGuruEngine\MapEditor</Filter>
    </ClCompile>
    <ClCompile Include="..\GameGuru\Source\M-Debug.cpp">
      <Filter>GameGuruEngine\MapEditor</Filter>
    </ClCompile>
    <ClCompile Include="..\GameGuru\Source\M-Decal.cpp">
      <Filter>GameGuruEngine\MapEditor</Filter>
    </ClCompile>
    <ClCompile Include="..\GameGuru\Source\M-Entity.cpp">
      <Filter>GameGuruEngine\MapEditor</Filter>
    </ClCompile>
    <ClCompile Include="..\GameGuru\Source\M-Explosion&amp;Fire.cpp">
      <Filter>GameGuruEngine\MapEditor</Filter>
    </ClCompile>
    <ClCompile Include="..\GameGuru\Source\M-Game.cpp">
      <Filter>GameGuruEngine\MapEditor</Filter>
    </ClCompile>
    <ClCompile Include="..\GameGuru\Source\M-GridEdit.cpp">
      <Filter>GameGuruEngine\MapEditor</Filter>
    </ClCompile>
    <ClCompile Include="..\GameGuru\Source\M-Gun.cpp">
      <Filter>GameGuruEngine\MapEditor</Filter>
    </ClCompile>
    <ClCompile Include="..\GameGuru\Source\M-HUD.cpp">
      <Filter>GameGuruEngine\MapEditor</Filter>
    </ClCompile>
    <ClCompile Include="..\GameGuru\Source\M-Importer.cpp">
      <Filter>GameGuruEngine\MapEditor</Filter>
    </ClCompile>
    <ClCompile Include="..\GameGuru\Source\M-Interactive.cpp">
      <Filter>GameGuruEngine\MapEditor</Filter>
    </ClCompile>
    <ClCompile Include="..\GameGuru\Source\M-Lighting.cpp">
      <Filter>GameGuruEngine\MapEditor</Filter>
    </ClCompile>
    <ClCompile Include="..\GameGuru\Source\M-Lightmapping.cpp">
      <Filter>GameGuruEngine\MapEditor</Filter>
    </ClCompile>
    <ClCompile Include="..\GameGuru\Source\M-LUA.cpp">
      <Filter>GameGuruEngine\MapEditor</Filter>
    </ClCompile>
    <ClCompile Include="..\GameGuru\Source\M-LUA-Entity.cpp">
      <Filter>GameGuruEngine\MapEditor</Filter>
    </ClCompile>
    <ClCompile Include="..\GameGuru\Source\M-LUA-General.cpp">
      <Filter>GameGuruEngine\MapEditor</Filter>
    </ClCompile>
    <ClCompile Include="..\GameGuru\Source\M-MapFile.cpp">
      <Filter>GameGuruEngine\MapEditor</Filter>
    </ClCompile>
    <ClCompile Include="..\GameGuru\Source\M-Material.cpp">
      <Filter>GameGuruEngine\MapEditor</Filter>
    </ClCompile>
    <ClCompile Include="..\GameGuru\Source\M-OBS.cpp">
      <Filter>GameGuruEngine\MapEditor</Filter>
    </ClCompile>
    <ClCompile Include="..\GameGuru\Source\M-Panel.cpp">
      <Filter>GameGuruEngine\MapEditor</Filter>
    </ClCompile>
    <ClCompile Include="..\GameGuru\Source\M-Particles.cpp">
      <Filter>GameGuruEngine\MapEditor</Filter>
    </ClCompile>
    <ClCompile Include="..\GameGuru\Source\M-Physics.cpp">
      <Filter>GameGuruEngine\MapEditor</Filter>
    </ClCompile>
    <ClCompile Include="..\GameGuru\Source\M-Postprocess.cpp">
      <Filter>GameGuruEngine\MapEditor</Filter>
    </ClCompile>
    <ClCompile Include="..\GameGuru\Source\M-Ragdoll.cpp">
      <Filter>GameGuruEngine\MapEditor</Filter>
    </ClCompile>
    <ClCompile Include="..\GameGuru\Source\M-RealSense.cpp">
      <Filter>GameGuruEngine\MapEditor</Filter>
    </ClCompile>
    <ClCompile Include="..\GameGuru\Source\M-Sliders.cpp">
      <Filter>GameGuruEngine\MapEditor</Filter>
    </ClCompile>
    <ClCompile Include="..\GameGuru\Source\M-Terrain.cpp">
      <Filter>GameGuruEngine\MapEditor</Filter>
    </ClCompile>
    <ClCompile Include="..\GameGuru\Source\M-Titles.cpp">
      <Filter>GameGuruEngine\MapEditor</Filter>
    </ClCompile>
    <ClCompile Include="..\GameGuru\Source\M-Visuals.cpp">
      <Filter>GameGuruEngine\MapEditor</Filter>
    </ClCompile>
    <ClCompile Include="..\GameGuru\Source\M-Waypoint.cpp">
      <Filter>GameGuruEngine\MapEditor</Filter>
    </ClCompile>
    <ClCompile Include="..\GameGuru\Source\M-Weapon.cpp">
      <Filter>GameGuruEngine\MapEditor</Filter>
    </ClCompile>
    <ClCompile Include="..\GameGuru\Source\M-Widget.cpp">
      <Filter>GameGuruEngine\MapEditor</Filter>
    </ClCompile>
    <ClCompile Include="..\GameGuru\Source\Types.cpp">
      <Filter>GameGuruEngine\MapEditor</Filter>
    </ClCompile>
    <ClCompile Include="..\GameGuru\Source\Common.cpp">
      <Filter>GameGuruEngine\MapEditor</Filter>
    </ClCompile>
    <ClCompile Include="..\GameGuru\Source\Common-File.cpp">
      <Filter>GameGuruEngine\MapEditor</Filter>
    </ClCompile>
    <ClCompile Include="..\GameGuru\Source\Common-Fonts.cpp">
      <Filter>GameGuruEngine\MapEditor</Filter>
    </ClCompile>
    <ClCompile Include="..\GameGuru\Source\Common-Images.cpp">
      <Filter>GameGuruEngine\MapEditor</Filter>
    </ClCompile>
    <ClCompile Include="..\GameGuru\Source\Common-Input.cpp">
      <Filter>GameGuruEngine\MapEditor</Filter>
    </ClCompile>
    <ClCompile Include="..\GameGuru\Source\Common-Sounds.cpp">
      <Filter>GameGuruEngine\MapEditor</Filter>
    </ClCompile>
    <ClCompile Include="..\GameGuru\Source\Common-Strings.cpp">
      <Filter>GameGuruEngine\MapEditor</Filter>
    </ClCompile>
    <ClCompile Include="..\GameGuru\Source\G-Entity.cpp">
      <Filter>GameGuruEngine\MapEditor</Filter>
    </ClCompile>
    <ClCompile Include="..\GameGuru\Source\G-Gun.cpp">
      <Filter>GameGuruEngine\MapEditor</Filter>
    </ClCompile>
    <ClCompile Include="..\GameGuru\Source\cStr.cpp">
      <Filter>GameGuruEngine\MapEditor</Filter>
    </ClCompile>
    <ClCompile Include="..\GameGuru\Include\gameguru.cpp">
      <Filter>Source Files</Filter>
    </ClCompile>
    <ClCompile Include="..\GameGuru\Source\M-EBE.cpp">
      <Filter>GameGuruEngine\MapEditor</Filter>
    </ClCompile>
    <ClCompile Include="..\SDK\DirectX\directx-macros.cpp">
      <Filter>Source Files</Filter>
    </ClCompile>
    <ClCompile Include="..\GameGuru\Source\M-WelcomeSystem.cpp">
      <Filter>GameGuruEngine\MapEditor</Filter>
    </ClCompile>
    <ClCompile Include="..\GameGuru\Source\M-MP.cpp">
      <Filter>GameGuruEngine\MapEditor</Filter>
    </ClCompile>
    <ClCompile Include="..\GameGuru\Source\M-CharacterCreatorPlus.cpp">
      <Filter>GameGuruEngine\MapEditor</Filter>
    </ClCompile>
    <ClCompile Include="..\GameGuru\Imgui\imgui.cpp">
      <Filter>Source Files</Filter>
    </ClCompile>
    <ClCompile Include="..\GameGuru\Imgui\imgui_draw.cpp">
      <Filter>Source Files</Filter>
    </ClCompile>
    <ClCompile Include="..\GameGuru\Imgui\imgui_gg_dx11.cpp">
      <Filter>Source Files</Filter>
    </ClCompile>
    <ClCompile Include="..\GameGuru\Imgui\imgui_impl_win32.cpp">
      <Filter>Source Files</Filter>
    </ClCompile>
    <ClCompile Include="..\GameGuru\Imgui\imgui_widgets.cpp">
      <Filter>Source Files</Filter>
    </ClCompile>
  </ItemGroup>
  <ItemGroup>
    <ClInclude Include="DarkEXE.h">
      <Filter>Header Files</Filter>
    </ClInclude>
    <ClInclude Include="FileReader.h">
      <Filter>Header Files</Filter>
    </ClInclude>
    <ClInclude Include="resource.h">
      <Filter>Header Files</Filter>
    </ClInclude>
    <ClInclude Include="Encryptor.h">
      <Filter>Source Files</Filter>
    </ClInclude>
    <ClInclude Include="EXEBlock.h">
      <Filter>Source Files</Filter>
    </ClInclude>
    <ClInclude Include="GameGuruMain.h">
      <Filter>GameGuruEngine</Filter>
    </ClInclude>
    <ClInclude Include="GameGuruEngine.h">
      <Filter>GameGuruEngine</Filter>
    </ClInclude>
    <ClInclude Include="..\GameGuru\Include\cStr.h">
      <Filter>GameGuruEngine\MapEditor</Filter>
    </ClInclude>
    <ClInclude Include="..\GameGuru\Include\gameguru.h">
      <Filter>GameGuruEngine\MapEditor</Filter>
    </ClInclude>
    <ClInclude Include="..\GameGuru\Include\G-Entity.h">
      <Filter>GameGuruEngine\MapEditor</Filter>
    </ClInclude>
    <ClInclude Include="..\GameGuru\Include\G-Gun.h">
      <Filter>GameGuruEngine\MapEditor</Filter>
    </ClInclude>
    <ClInclude Include="..\GameGuru\Include\G-Lighting.h">
      <Filter>GameGuruEngine\MapEditor</Filter>
    </ClInclude>
    <ClInclude Include="..\GameGuru\Include\MapEditor.h">
      <Filter>GameGuruEngine\MapEditor</Filter>
    </ClInclude>
    <ClInclude Include="..\GameGuru\Include\M-AudioVolume.h">
      <Filter>GameGuruEngine\MapEditor</Filter>
    </ClInclude>
    <ClInclude Include="..\GameGuru\Include\M-CharacterKit.h">
      <Filter>GameGuruEngine\MapEditor</Filter>
    </ClInclude>
    <ClInclude Include="..\GameGuru\Include\M-CharacterSound.h">
      <Filter>GameGuruEngine\MapEditor</Filter>
    </ClInclude>
    <ClInclude Include="..\GameGuru\Include\M-ConstructionKit.h">
      <Filter>GameGuruEngine\MapEditor</Filter>
    </ClInclude>
    <ClInclude Include="..\GameGuru\Include\M-ConstructionKitEdit.h">
      <Filter>GameGuruEngine\MapEditor</Filter>
    </ClInclude>
    <ClInclude Include="..\GameGuru\Include\M-DAI.h">
      <Filter>GameGuruEngine\MapEditor</Filter>
    </ClInclude>
    <ClInclude Include="..\GameGuru\Include\M-Debug.h">
      <Filter>GameGuruEngine\MapEditor</Filter>
    </ClInclude>
    <ClInclude Include="..\GameGuru\Include\M-Decal.h">
      <Filter>GameGuruEngine\MapEditor</Filter>
    </ClInclude>
    <ClInclude Include="..\GameGuru\Include\M-Entity.h">
      <Filter>GameGuruEngine\MapEditor</Filter>
    </ClInclude>
    <ClInclude Include="..\GameGuru\Include\M-Explosion&amp;Fire.h">
      <Filter>GameGuruEngine\MapEditor</Filter>
    </ClInclude>
    <ClInclude Include="..\GameGuru\Include\M-Game.h">
      <Filter>GameGuruEngine\MapEditor</Filter>
    </ClInclude>
    <ClInclude Include="..\GameGuru\Include\M-GridEdit.h">
      <Filter>GameGuruEngine\MapEditor</Filter>
    </ClInclude>
    <ClInclude Include="..\GameGuru\Include\M-Gun.h">
      <Filter>GameGuruEngine\MapEditor</Filter>
    </ClInclude>
    <ClInclude Include="..\GameGuru\Include\M-HUD.h">
      <Filter>GameGuruEngine\MapEditor</Filter>
    </ClInclude>
    <ClInclude Include="..\GameGuru\Include\M-Importer.h">
      <Filter>GameGuruEngine\MapEditor</Filter>
    </ClInclude>
    <ClInclude Include="..\GameGuru\Include\M-Interactive.h">
      <Filter>GameGuruEngine\MapEditor</Filter>
    </ClInclude>
    <ClInclude Include="..\GameGuru\Include\M-Lighting.h">
      <Filter>GameGuruEngine\MapEditor</Filter>
    </ClInclude>
    <ClInclude Include="..\GameGuru\Include\M-Lightmapping.h">
      <Filter>GameGuruEngine\MapEditor</Filter>
    </ClInclude>
    <ClInclude Include="..\GameGuru\Include\M-LUA.h">
      <Filter>GameGuruEngine\MapEditor</Filter>
    </ClInclude>
    <ClInclude Include="..\GameGuru\Include\M-LUA-Entity.h">
      <Filter>GameGuruEngine\MapEditor</Filter>
    </ClInclude>
    <ClInclude Include="..\GameGuru\Include\M-LUA-General.h">
      <Filter>GameGuruEngine\MapEditor</Filter>
    </ClInclude>
    <ClInclude Include="..\GameGuru\Include\M-MapFile.h">
      <Filter>GameGuruEngine\MapEditor</Filter>
    </ClInclude>
    <ClInclude Include="..\GameGuru\Include\M-Material.h">
      <Filter>GameGuruEngine\MapEditor</Filter>
    </ClInclude>
    <ClInclude Include="..\GameGuru\Include\M-OBS.h">
      <Filter>GameGuruEngine\MapEditor</Filter>
    </ClInclude>
    <ClInclude Include="..\GameGuru\Include\M-Panel.h">
      <Filter>GameGuruEngine\MapEditor</Filter>
    </ClInclude>
    <ClInclude Include="..\GameGuru\Include\M-Particles.h">
      <Filter>GameGuruEngine\MapEditor</Filter>
    </ClInclude>
    <ClInclude Include="..\GameGuru\Include\M-Physics.h">
      <Filter>GameGuruEngine\MapEditor</Filter>
    </ClInclude>
    <ClInclude Include="..\GameGuru\Include\M-Postprocess.h">
      <Filter>GameGuruEngine\MapEditor</Filter>
    </ClInclude>
    <ClInclude Include="..\GameGuru\Include\M-Ragdoll.h">
      <Filter>GameGuruEngine\MapEditor</Filter>
    </ClInclude>
    <ClInclude Include="..\GameGuru\Include\M-RealSense.h">
      <Filter>GameGuruEngine\MapEditor</Filter>
    </ClInclude>
    <ClInclude Include="..\GameGuru\Include\M-Sliders.h">
      <Filter>GameGuruEngine\MapEditor</Filter>
    </ClInclude>
    <ClInclude Include="..\GameGuru\Include\M-Terrain.h">
      <Filter>GameGuruEngine\MapEditor</Filter>
    </ClInclude>
    <ClInclude Include="..\GameGuru\Include\M-Titles.h">
      <Filter>GameGuruEngine\MapEditor</Filter>
    </ClInclude>
    <ClInclude Include="..\GameGuru\Include\M-Visuals.h">
      <Filter>GameGuruEngine\MapEditor</Filter>
    </ClInclude>
    <ClInclude Include="..\GameGuru\Include\M-Waypoint.h">
      <Filter>GameGuruEngine\MapEditor</Filter>
    </ClInclude>
    <ClInclude Include="..\GameGuru\Include\M-Weapon.h">
      <Filter>GameGuruEngine\MapEditor</Filter>
    </ClInclude>
    <ClInclude Include="..\GameGuru\Include\M-Widget.h">
      <Filter>GameGuruEngine\MapEditor</Filter>
    </ClInclude>
    <ClInclude Include="..\GameGuru\Include\Types.h">
      <Filter>GameGuruEngine\MapEditor</Filter>
    </ClInclude>
    <ClInclude Include="..\GameGuru\Include\Common.h">
      <Filter>GameGuruEngine\MapEditor</Filter>
    </ClInclude>
    <ClInclude Include="..\GameGuru\Include\Common-File.h">
      <Filter>GameGuruEngine\MapEditor</Filter>
    </ClInclude>
    <ClInclude Include="..\GameGuru\Include\Common-Fonts.h">
      <Filter>GameGuruEngine\MapEditor</Filter>
    </ClInclude>
    <ClInclude Include="..\GameGuru\Include\Common-Images.h">
      <Filter>GameGuruEngine\MapEditor</Filter>
    </ClInclude>
    <ClInclude Include="..\GameGuru\Include\Common-Input.h">
      <Filter>GameGuruEngine\MapEditor</Filter>
    </ClInclude>
    <ClInclude Include="..\GameGuru\Include\Common-Sounds.h">
      <Filter>GameGuruEngine\MapEditor</Filter>
    </ClInclude>
    <ClInclude Include="..\GameGuru\Include\Common-Strings.h">
      <Filter>GameGuruEngine\MapEditor</Filter>
    </ClInclude>
    <ClInclude Include="..\GameGuru\Include\M-EBE.h">
      <Filter>GameGuruEngine\MapEditor</Filter>
    </ClInclude>
    <ClInclude Include="..\GameGuru\Include\M-WelcomeSystem.h">
      <Filter>GameGuruEngine\MapEditor</Filter>
    </ClInclude>
    <ClInclude Include="..\GameGuru\Include\M-MP.h">
      <Filter>GameGuruEngine\MapEditor</Filter>
    </ClInclude>
    <ClInclude Include="..\GameGuru\Include\Common-Keys.h">
      <Filter>GameGuruEngine\MapEditor</Filter>
    </ClInclude>
    <ClInclude Include="..\GameGuru\Include\M-CharacterCreatorPlus.h">
      <Filter>GameGuruEngine\MapEditor</Filter>
    </ClInclude>
  </ItemGroup>
  <ItemGroup>
    <ResourceCompile Include="dbproexe.rc">
      <Filter>Resource Files</Filter>
    </ResourceCompile>
  </ItemGroup>
  <ItemGroup>
    <Image Include="icon2-db3.ico">
      <Filter>Resource Files</Filter>
    </Image>
  </ItemGroup>
</Project>